{
  "version": 4,
  "terraform_version": "1.4.6",
  "serial": 219,
  "lineage": "61a22175-99f2-64a4-392c-fb57f181dd30",
  "outputs": {
    "private_key_pem": {
      "value": "-----BEGIN RSA PRIVATE KEY-----\nMIIJKQIBAAKCAgEA2DmG6z0WYrR51CQeqLNObVbL7xHEcUal9RSqs+6f/XoObtjm\nlgHtcKRke9aeBPIuaKj3sS1xI45Z5+X/lDcwofXD7LNYgt43SvauygNxVUhDrxbE\njSYyXli87XIwESfstq1I/p69ZlIXIg97OIw+v2njDo8Pv7KFY9AoabkP+iK1QZW7\nm27PWL+MyF1kyG/GjfB9X1dcejzBvZoIUiLMzuBPq7VEMQeCAUny4xZAVwPWeM75\nSUAVwFbxZkZKsRsfJPIuude4sntDwI0PYHB9/EKMe2kO834GOo6GRx30Ul4If6V6\nb7jNwo3DJbQKlT0UmWXf5JATsNITpl6kWz+XblqsNqlKG73wa8c5T31lej5lR9nW\nN446WyD+t1Ql/mTnvPkDDJu22orfF20Q47/rMOViev2lqi4oTvshhsarQJn3tfY2\njdzU6+j1EKkjKrSjj9QHEOtFAaiMKn4WGwCytnCCwMrgoj5q011Kmxln4Fh0GIvU\nQ1MhlHwBy44k5UoEfaL/giKp/ExQfYh4Jn2rALGzVwzQEFmEGWEXWhtT9o5zj0yC\nLLeNHRrv/dsplWjaYTvGQGEgEKBIVab5FaftZQ6KCvmxYdiV3EUfZYlex1+wFR5m\nShQ5sNK0JU2MGF3/vSqKbRd4GFupgufJQUeS2wVTNNJdv+uEo+2RiPePvBUCAwEA\nAQKCAgEAovU4KbIwXNOHvco7EQmR4fW4XMUXOAf2q26X+GOvUGnc1s3BeuyY9nvu\n/yYQkcm0EEzH4FBPJGz0dUFyDVJK5MVEk+/WlUrEgUrJEJbno06DNEIEgBx5eYGH\nYazdbRCZ5lNS4BLiy2qy5IimZUfNQpWa+i33wJHa1g7bZlKDKBFgab1fVxV8T3aN\ns7QvcKBNFExbMK+2kqmXmj2sZ7qygHetk8tZSVpPMIl69IqgkvPhf8r9NaeGvR7J\ncDspr7CxGDct4AIkwN8FgOjO3e/qA2RkW94h1oD0UM15hb+dkzYrUYh1bh3pdOdC\nW/gEwdT24WVWB/xN2sV46boKRHr4tGAGTw634aOgbXRKC+VrlxAYV6e3SEgnRaGA\nvZzlJ58xfBSupzbtPLFDkHcFb+aWfq6bPOAJN/t8dhNqS2wvc7J6fn4nNRznLSyF\n7xLDTBlOKyVHz+p6OMwgfhDaDFLjQNruOcchrDLcSaMIki6ZDnrY8H2fw+9kEBlM\nTEcZl6v0n6rebyVq/uAHN81BI5hUMWYnvPg1GcZDJT7jPBEz/Ww/CrP7AGnua5rZ\nRWvdTy11VPjHxxAwyazr+1Z47IeHV3jZCLbcsgZ3HtF3zrqCFlIV94rlUll88Bb6\nKWA7wf+VfXRmrWGOLBrfINNS9PTAgbBqe0pvJObvnDe0k1a9HUECggEBAPDnixfL\nqxWRCBKiDEgu/29hxbKUkSm0DNgepEkQEpmb2hAJDKj+JKAxYf2DMUnQDL9kcafy\ngpZPGN9tAqfz8akR76ZKjDBVxjsITibcOVnksJ9F4H/NykQLVup3dl3mByjgYRZU\nJsbOgTONkPXEcetiJNSrOwtZh4iYWy1D2t2FFzX6TuLt6eYSsTJmbsJjwT0YJyb0\nlZFG0JehyNiMSINbuwP3v0pkFj0an8TbK9br+F3mOx50ML2VFadVK2C1Qs6Eds5+\nyThgtc0wNMIbMxqdoj783+ka3Rh5jaXR7Vt1l9WGGT46+Vk2NOY3uXc72PPBb37D\nriOrwJ9t/Fp0VfsCggEBAOXGFbDODKtY6ltSLqT2JT+3bEKLn0OFfO2JwCCMu+wB\nhioFDPBgX4NZMhrvmYU/r3ES9TUpCYx22aTIrHj3/j3dT5jJU1ZFNf9C8ftXHqan\noP3sc2oA3E3mB3ucgGl/irfCHGwtA7HywCEvdCrguwgbmIsKgbEkWkD39smrjuon\nRRddd4/ftXZhf++bNWbmVkpD7iLMis+4Cqm8lI4UJZ/3yGiv+KM8UgjZGRBne4J7\ntQE4LJwxgQb+Vx92dG9A7evYyhKfb2TdzJzNmoAGNTZUfiWApiHA0czAb+Dr1J9m\nwDDr7/XKB1P+ZeB131ilV5AjVRlU/lgJTT/0OQvQaS8CggEAdcNqnk5Eqv1D6f/n\nax32ZldwUlUIBU/r+3Y3LzQ5M3gZiD80PiRGeTzKvyfz3zZiFOmgGc6WAa5W5Vmf\ns8SvfMu00CCfGT3E8rSjp6F+M7B0mteI4FEUMGEust2FMm+xTk0piMXIUuU+CZqJ\no2rNmZhXktLFwU2Z0K9R2vXRtvpJl2xuRcax0XOPxaiHOmWTYC8/bG6h8uugKo++\n5ATnqbcc29qvW0lECcjLE2tkqeKefiB/A+serH6FoFAlLVhOeTAN9/HIodO867pG\nACFVwQwP9SSevJASRtWc5dOSaWQ5vfqYunAP1omGIIhbFKtf6gDEZT55ERzzw7v7\nYah/IwKCAQEAwKGLh7mG15PojfzdDAEsAznkMfnZ4IKl1ILapq810MsKTmoDifZR\nvM1nezuJ6jMVA2gQWKv5zF/LYSG3robCB91lIMMP8dB+T20xbzR/htob1yWHMMRd\n7ZS+izwOT+PUSPAcYfhvE51ew7OD4XqcclSoU1DQn9DJNZRsum/wlY+slcUPOngj\nKobc+eSWJZlPmF1Q5K20ZiZ2Egz+QgrT7EOQKWv1t+wXHkHbiGwpGKBbhBUzGRNL\nh7BtG/xz6t11WXdbGbe+bMKiCoc4UsJhlBXL1+b94GhFuzFN2jP8AlLjJ2B1wQrJ\nj/pEMKTBRREA0t88NcuSm/3YXJiDxsrHkwKCAQAsX3uGTiUYDyGdtpbT0vJGt9uv\nys30ITJwaJ+Y7X4eCjzHd+1jBxHPS2FFCnBXQnPV20v+Hzm3i5Fh9cNEKny5smOA\ne95aJmZ8Ig6fM4U0PsTpNuvxL3tiN9od5cwDekXKO9sukrF0h3i6q0Wgz8hfoaJ+\nLN4eJ56j5YBWqnwkJ5qCcFqz7aJ6sku4p4GwjXZpTpJOEHtBENh/bv1QW31oNoqe\nSltPhwOM6i2hqJtpGwzoZXkV6GRggWXhfy1QZ4nNHfyDFPJOrX9MPK9N+Gsc8kUz\nAQ5tzToIZDZnyLvV5g3ng44px8ec4A1/8uL2cTzzpK+2KGDuyOaMrDyllF+s\n-----END RSA PRIVATE KEY-----\n",
      "type": "string",
      "sensitive": true
    }
  },
  "resources": [
    {
      "mode": "managed",
      "type": "aws_eip",
      "name": "db-elastic-1",
      "provider": "provider[\"registry.terraform.io/hashicorp/aws\"]",
      "instances": [
        {
          "schema_version": 0,
          "attributes": {
            "address": null,
            "allocation_id": "eipalloc-0fa8a0aede850e2bb",
            "associate_with_private_ip": null,
            "association_id": "eipassoc-0cca1b011bc9eadbe",
            "carrier_ip": "",
            "customer_owned_ip": "",
            "customer_owned_ipv4_pool": "",
            "domain": "vpc",
            "id": "eipalloc-0fa8a0aede850e2bb",
            "instance": "",
            "network_border_group": "ap-south-1",
            "network_interface": "eni-0fac6d103bb20a8ec",
            "private_dns": "ip-20-0-1-78.ap-south-1.compute.internal",
            "private_ip": "20.0.1.78",
            "public_dns": "ec2-15-206-29-248.ap-south-1.compute.amazonaws.com",
            "public_ip": "15.206.29.248",
            "public_ipv4_pool": "amazon",
            "tags": {},
            "tags_all": {},
            "timeouts": null,
            "vpc": true
          },
          "sensitive_attributes": [],
          "private": "eyJlMmJmYjczMC1lY2FhLTExZTYtOGY4OC0zNDM2M2JjN2M0YzAiOnsiZGVsZXRlIjoxODAwMDAwMDAwMDAsInJlYWQiOjkwMDAwMDAwMDAwMCwidXBkYXRlIjozMDAwMDAwMDAwMDB9fQ==",
          "dependencies": [
            "aws_internet_gateway.db-igw",
            "aws_subnet.db-pub-sub-1",
            "aws_subnet.db-pub-sub-2",
            "aws_subnet.db-pvt-sub-1",
            "aws_subnet.db-pvt-sub-2",
            "aws_subnet.db-pvt-sub-3",
            "aws_subnet.db-pvt-sub-4",
            "aws_vpc.dbvpc"
          ]
        }
      ]
    },
    {
      "mode": "managed",
      "type": "aws_eip",
      "name": "db-elastic-2",
      "provider": "provider[\"registry.terraform.io/hashicorp/aws\"]",
      "instances": [
        {
          "schema_version": 0,
          "attributes": {
            "address": null,
            "allocation_id": "eipalloc-06a023b3b7ab95049",
            "associate_with_private_ip": null,
            "association_id": "eipassoc-0068b18d2efb16dc6",
            "carrier_ip": "",
            "customer_owned_ip": "",
            "customer_owned_ipv4_pool": "",
            "domain": "vpc",
            "id": "eipalloc-06a023b3b7ab95049",
            "instance": "",
            "network_border_group": "ap-south-1",
            "network_interface": "eni-0f884cac2f4e881d4",
            "private_dns": "ip-20-0-3-254.ap-south-1.compute.internal",
            "private_ip": "20.0.3.254",
            "public_dns": "ec2-3-7-167-122.ap-south-1.compute.amazonaws.com",
            "public_ip": "3.7.167.122",
            "public_ipv4_pool": "amazon",
            "tags": {},
            "tags_all": {},
            "timeouts": null,
            "vpc": true
          },
          "sensitive_attributes": [],
          "private": "eyJlMmJmYjczMC1lY2FhLTExZTYtOGY4OC0zNDM2M2JjN2M0YzAiOnsiZGVsZXRlIjoxODAwMDAwMDAwMDAsInJlYWQiOjkwMDAwMDAwMDAwMCwidXBkYXRlIjozMDAwMDAwMDAwMDB9fQ==",
          "dependencies": [
            "aws_eip.db-elastic-1",
            "aws_internet_gateway.db-igw",
            "aws_nat_gateway.db-nat-1",
            "aws_subnet.db-pub-sub-1",
            "aws_subnet.db-pub-sub-2",
            "aws_subnet.db-pvt-sub-1",
            "aws_subnet.db-pvt-sub-2",
            "aws_subnet.db-pvt-sub-3",
            "aws_subnet.db-pvt-sub-4",
            "aws_vpc.dbvpc"
          ]
        }
      ]
    },
    {
      "mode": "managed",
      "type": "aws_instance",
      "name": "bastion-host",
      "provider": "provider[\"registry.terraform.io/hashicorp/aws\"]",
      "instances": [
        {
          "schema_version": 1,
          "attributes": {
            "ami": "ami-08e5424edfe926b43",
            "arn": "arn:aws:ec2:ap-south-1:600346421145:instance/i-06895ed41e38067c2",
            "associate_public_ip_address": true,
            "availability_zone": "ap-south-1a",
            "capacity_reservation_specification": [
              {
                "capacity_reservation_preference": "open",
                "capacity_reservation_target": []
              }
            ],
            "cpu_core_count": 1,
            "cpu_options": [
              {
                "amd_sev_snp": "",
                "core_count": 1,
                "threads_per_core": 1
              }
            ],
            "cpu_threads_per_core": 1,
            "credit_specification": [
              {
                "cpu_credits": "standard"
              }
            ],
            "disable_api_stop": false,
            "disable_api_termination": false,
            "ebs_block_device": [],
            "ebs_optimized": false,
            "enclave_options": [
              {
                "enabled": false
              }
            ],
            "ephemeral_block_device": [],
            "get_password_data": false,
            "hibernation": false,
            "host_id": "",
            "host_resource_group_arn": null,
            "iam_instance_profile": "",
            "id": "i-06895ed41e38067c2",
            "instance_initiated_shutdown_behavior": "stop",
            "instance_state": "running",
            "instance_type": "t2.micro",
            "ipv6_address_count": 0,
            "ipv6_addresses": [],
            "key_name": "main-key-1",
            "launch_template": [],
            "maintenance_options": [
              {
                "auto_recovery": "default"
              }
            ],
            "metadata_options": [
              {
                "http_endpoint": "enabled",
                "http_put_response_hop_limit": 1,
                "http_tokens": "optional",
                "instance_metadata_tags": "disabled"
              }
            ],
            "monitoring": false,
            "network_interface": [],
            "outpost_arn": "",
            "password_data": "",
            "placement_group": "",
            "placement_partition_number": 0,
            "primary_network_interface_id": "eni-04d03afdd2f477f52",
            "private_dns": "ip-20-0-1-252.ap-south-1.compute.internal",
            "private_dns_name_options": [
              {
                "enable_resource_name_dns_a_record": false,
                "enable_resource_name_dns_aaaa_record": false,
                "hostname_type": "ip-name"
              }
            ],
            "private_ip": "20.0.1.252",
            "public_dns": "",
            "public_ip": "13.232.234.103",
            "root_block_device": [
              {
                "delete_on_termination": true,
                "device_name": "/dev/sda1",
                "encrypted": false,
                "iops": 100,
                "kms_key_id": "",
                "tags": {},
                "throughput": 0,
                "volume_id": "vol-0780acbab00ceead7",
                "volume_size": 8,
                "volume_type": "gp2"
              }
            ],
            "secondary_private_ips": [],
            "security_groups": [],
            "source_dest_check": true,
            "subnet_id": "subnet-02ec1544ba47e7926",
            "tags": {
              "Name": "Bastion-host"
            },
            "tags_all": {
              "Name": "Bastion-host"
            },
            "tenancy": "default",
            "timeouts": null,
            "user_data": null,
            "user_data_base64": null,
            "user_data_replace_on_change": false,
            "volume_tags": null,
            "vpc_security_group_ids": [
              "sg-082165720c11d3669"
            ]
          },
          "sensitive_attributes": [],
          "private": "eyJlMmJmYjczMC1lY2FhLTExZTYtOGY4OC0zNDM2M2JjN2M0YzAiOnsiY3JlYXRlIjo2MDAwMDAwMDAwMDAsImRlbGV0ZSI6MTIwMDAwMDAwMDAwMCwidXBkYXRlIjo2MDAwMDAwMDAwMDB9LCJzY2hlbWFfdmVyc2lvbiI6IjEifQ==",
          "dependencies": [
            "aws_eip.db-elastic-1",
            "aws_eip.db-elastic-2",
            "aws_internet_gateway.db-igw",
            "aws_key_pair.main_key_pair",
            "aws_nat_gateway.db-nat-1",
            "aws_nat_gateway.db-nat-2",
            "aws_route_table.db-pub-route",
            "aws_route_table.db-pvt-route-1",
            "aws_route_table.db-pvt-route-2",
            "aws_route_table.db-pvt-route-3",
            "aws_route_table.db-pvt-route-4",
            "aws_route_table_association.db-pub-1",
            "aws_route_table_association.db-pub-2",
            "aws_route_table_association.db-pvt-1",
            "aws_route_table_association.db-pvt-2",
            "aws_route_table_association.db-pvt-3",
            "aws_route_table_association.db-pvt-4",
            "aws_security_group.demosg",
            "aws_subnet.db-pub-sub-1",
            "aws_subnet.db-pub-sub-2",
            "aws_subnet.db-pvt-sub-1",
            "aws_subnet.db-pvt-sub-2",
            "aws_subnet.db-pvt-sub-3",
            "aws_subnet.db-pvt-sub-4",
            "aws_vpc.dbvpc",
            "null_resource.copy",
            "tls_private_key.rsa"
          ]
        }
      ]
    },
    {
      "mode": "managed",
      "type": "aws_instance",
      "name": "mongo-1",
      "provider": "provider[\"registry.terraform.io/hashicorp/aws\"]",
      "instances": [
        {
          "schema_version": 1,
          "attributes": {
            "ami": "ami-08e5424edfe926b43",
            "arn": "arn:aws:ec2:ap-south-1:600346421145:instance/i-0cfe7f486eea0c4a2",
            "associate_public_ip_address": false,
            "availability_zone": "ap-south-1a",
            "capacity_reservation_specification": [
              {
                "capacity_reservation_preference": "open",
                "capacity_reservation_target": []
              }
            ],
            "cpu_core_count": 1,
            "cpu_options": [
              {
                "amd_sev_snp": "",
                "core_count": 1,
                "threads_per_core": 1
              }
            ],
            "cpu_threads_per_core": 1,
            "credit_specification": [
              {
                "cpu_credits": "standard"
              }
            ],
            "disable_api_stop": false,
            "disable_api_termination": false,
            "ebs_block_device": [],
            "ebs_optimized": false,
            "enclave_options": [
              {
                "enabled": false
              }
            ],
            "ephemeral_block_device": [],
            "get_password_data": false,
            "hibernation": false,
            "host_id": "",
            "host_resource_group_arn": null,
            "iam_instance_profile": "",
            "id": "i-0cfe7f486eea0c4a2",
            "instance_initiated_shutdown_behavior": "stop",
            "instance_state": "running",
            "instance_type": "t2.micro",
            "ipv6_address_count": 0,
            "ipv6_addresses": [],
            "key_name": "main-key-1",
            "launch_template": [],
            "maintenance_options": [
              {
                "auto_recovery": "default"
              }
            ],
            "metadata_options": [
              {
                "http_endpoint": "enabled",
                "http_put_response_hop_limit": 1,
                "http_tokens": "optional",
                "instance_metadata_tags": "disabled"
              }
            ],
            "monitoring": false,
            "network_interface": [],
            "outpost_arn": "",
            "password_data": "",
            "placement_group": "",
            "placement_partition_number": 0,
            "primary_network_interface_id": "eni-03c4fd600b8ebf50e",
            "private_dns": "ip-20-0-2-172.ap-south-1.compute.internal",
            "private_dns_name_options": [
              {
                "enable_resource_name_dns_a_record": false,
                "enable_resource_name_dns_aaaa_record": false,
                "hostname_type": "ip-name"
              }
            ],
            "private_ip": "20.0.2.172",
            "public_dns": "",
            "public_ip": "",
            "root_block_device": [
              {
                "delete_on_termination": true,
                "device_name": "/dev/sda1",
                "encrypted": false,
                "iops": 100,
                "kms_key_id": "",
                "tags": {},
                "throughput": 0,
                "volume_id": "vol-0da86e63123c4cb99",
                "volume_size": 8,
                "volume_type": "gp2"
              }
            ],
            "secondary_private_ips": [],
            "security_groups": [],
            "source_dest_check": true,
            "subnet_id": "subnet-0da4b17e5cf720900",
            "tags": {
              "Name": "mongo-1"
            },
            "tags_all": {
              "Name": "mongo-1"
            },
            "tenancy": "default",
            "timeouts": null,
            "user_data": null,
            "user_data_base64": null,
            "user_data_replace_on_change": false,
            "volume_tags": null,
            "vpc_security_group_ids": [
              "sg-082165720c11d3669"
            ]
          },
          "sensitive_attributes": [],
          "private": "eyJlMmJmYjczMC1lY2FhLTExZTYtOGY4OC0zNDM2M2JjN2M0YzAiOnsiY3JlYXRlIjo2MDAwMDAwMDAwMDAsImRlbGV0ZSI6MTIwMDAwMDAwMDAwMCwidXBkYXRlIjo2MDAwMDAwMDAwMDB9LCJzY2hlbWFfdmVyc2lvbiI6IjEifQ==",
          "dependencies": [
            "aws_eip.db-elastic-1",
            "aws_eip.db-elastic-2",
            "aws_instance.bastion-host",
            "aws_internet_gateway.db-igw",
            "aws_key_pair.main_key_pair",
            "aws_nat_gateway.db-nat-1",
            "aws_nat_gateway.db-nat-2",
            "aws_route_table.db-pub-route",
            "aws_route_table.db-pvt-route-1",
            "aws_route_table.db-pvt-route-2",
            "aws_route_table.db-pvt-route-3",
            "aws_route_table.db-pvt-route-4",
            "aws_route_table_association.db-pub-1",
            "aws_route_table_association.db-pub-2",
            "aws_route_table_association.db-pvt-1",
            "aws_route_table_association.db-pvt-2",
            "aws_route_table_association.db-pvt-3",
            "aws_route_table_association.db-pvt-4",
            "aws_security_group.demosg",
            "aws_subnet.db-pub-sub-1",
            "aws_subnet.db-pub-sub-2",
            "aws_subnet.db-pvt-sub-1",
            "aws_subnet.db-pvt-sub-2",
            "aws_subnet.db-pvt-sub-3",
            "aws_subnet.db-pvt-sub-4",
            "aws_vpc.dbvpc",
            "null_resource.copy",
            "tls_private_key.rsa"
          ]
        }
      ]
    },
    {
      "mode": "managed",
      "type": "aws_instance",
      "name": "mongo-2",
      "provider": "provider[\"registry.terraform.io/hashicorp/aws\"]",
      "instances": [
        {
          "schema_version": 1,
          "attributes": {
            "ami": "ami-08e5424edfe926b43",
            "arn": "arn:aws:ec2:ap-south-1:600346421145:instance/i-0deeb2b64dd667b5e",
            "associate_public_ip_address": false,
            "availability_zone": "ap-south-1b",
            "capacity_reservation_specification": [
              {
                "capacity_reservation_preference": "open",
                "capacity_reservation_target": []
              }
            ],
            "cpu_core_count": 1,
            "cpu_options": [
              {
                "amd_sev_snp": "",
                "core_count": 1,
                "threads_per_core": 1
              }
            ],
            "cpu_threads_per_core": 1,
            "credit_specification": [
              {
                "cpu_credits": "standard"
              }
            ],
            "disable_api_stop": false,
            "disable_api_termination": false,
            "ebs_block_device": [],
            "ebs_optimized": false,
            "enclave_options": [
              {
                "enabled": false
              }
            ],
            "ephemeral_block_device": [],
            "get_password_data": false,
            "hibernation": false,
            "host_id": "",
            "host_resource_group_arn": null,
            "iam_instance_profile": "",
            "id": "i-0deeb2b64dd667b5e",
            "instance_initiated_shutdown_behavior": "stop",
            "instance_state": "running",
            "instance_type": "t2.micro",
            "ipv6_address_count": 0,
            "ipv6_addresses": [],
            "key_name": "main-key-1",
            "launch_template": [],
            "maintenance_options": [
              {
                "auto_recovery": "default"
              }
            ],
            "metadata_options": [
              {
                "http_endpoint": "enabled",
                "http_put_response_hop_limit": 1,
                "http_tokens": "optional",
                "instance_metadata_tags": "disabled"
              }
            ],
            "monitoring": false,
            "network_interface": [],
            "outpost_arn": "",
            "password_data": "",
            "placement_group": "",
            "placement_partition_number": 0,
            "primary_network_interface_id": "eni-0a379a232244f9c7d",
            "private_dns": "ip-20-0-4-101.ap-south-1.compute.internal",
            "private_dns_name_options": [
              {
                "enable_resource_name_dns_a_record": false,
                "enable_resource_name_dns_aaaa_record": false,
                "hostname_type": "ip-name"
              }
            ],
            "private_ip": "20.0.4.101",
            "public_dns": "",
            "public_ip": "",
            "root_block_device": [
              {
                "delete_on_termination": true,
                "device_name": "/dev/sda1",
                "encrypted": false,
                "iops": 100,
                "kms_key_id": "",
                "tags": {},
                "throughput": 0,
                "volume_id": "vol-0eaccae55f38a7a17",
                "volume_size": 8,
                "volume_type": "gp2"
              }
            ],
            "secondary_private_ips": [],
            "security_groups": [],
            "source_dest_check": true,
            "subnet_id": "subnet-0f8262922c62ae204",
            "tags": {
              "Name": "mongo-2"
            },
            "tags_all": {
              "Name": "mongo-2"
            },
            "tenancy": "default",
            "timeouts": null,
            "user_data": null,
            "user_data_base64": null,
            "user_data_replace_on_change": false,
            "volume_tags": null,
            "vpc_security_group_ids": [
              "sg-082165720c11d3669"
            ]
          },
          "sensitive_attributes": [],
          "private": "eyJlMmJmYjczMC1lY2FhLTExZTYtOGY4OC0zNDM2M2JjN2M0YzAiOnsiY3JlYXRlIjo2MDAwMDAwMDAwMDAsImRlbGV0ZSI6MTIwMDAwMDAwMDAwMCwidXBkYXRlIjo2MDAwMDAwMDAwMDB9LCJzY2hlbWFfdmVyc2lvbiI6IjEifQ==",
          "dependencies": [
            "aws_eip.db-elastic-1",
            "aws_eip.db-elastic-2",
            "aws_instance.bastion-host",
            "aws_instance.mongo-1",
            "aws_internet_gateway.db-igw",
            "aws_key_pair.main_key_pair",
            "aws_nat_gateway.db-nat-1",
            "aws_nat_gateway.db-nat-2",
            "aws_route_table.db-pub-route",
            "aws_route_table.db-pvt-route-1",
            "aws_route_table.db-pvt-route-2",
            "aws_route_table.db-pvt-route-3",
            "aws_route_table.db-pvt-route-4",
            "aws_route_table_association.db-pub-1",
            "aws_route_table_association.db-pub-2",
            "aws_route_table_association.db-pvt-1",
            "aws_route_table_association.db-pvt-2",
            "aws_route_table_association.db-pvt-3",
            "aws_route_table_association.db-pvt-4",
            "aws_security_group.demosg",
            "aws_subnet.db-pub-sub-1",
            "aws_subnet.db-pub-sub-2",
            "aws_subnet.db-pvt-sub-1",
            "aws_subnet.db-pvt-sub-2",
            "aws_subnet.db-pvt-sub-3",
            "aws_subnet.db-pvt-sub-4",
            "aws_vpc.dbvpc",
            "null_resource.copy",
            "tls_private_key.rsa"
          ]
        }
      ]
    },
    {
      "mode": "managed",
      "type": "aws_instance",
      "name": "mongo-3",
      "provider": "provider[\"registry.terraform.io/hashicorp/aws\"]",
      "instances": [
        {
          "schema_version": 1,
          "attributes": {
            "ami": "ami-08e5424edfe926b43",
            "arn": "arn:aws:ec2:ap-south-1:600346421145:instance/i-018ae368411702466",
            "associate_public_ip_address": false,
            "availability_zone": "ap-south-1a",
            "capacity_reservation_specification": [
              {
                "capacity_reservation_preference": "open",
                "capacity_reservation_target": []
              }
            ],
            "cpu_core_count": 1,
            "cpu_options": [
              {
                "amd_sev_snp": "",
                "core_count": 1,
                "threads_per_core": 1
              }
            ],
            "cpu_threads_per_core": 1,
            "credit_specification": [
              {
                "cpu_credits": "standard"
              }
            ],
            "disable_api_stop": false,
            "disable_api_termination": false,
            "ebs_block_device": [],
            "ebs_optimized": false,
            "enclave_options": [
              {
                "enabled": false
              }
            ],
            "ephemeral_block_device": [],
            "get_password_data": false,
            "hibernation": false,
            "host_id": "",
            "host_resource_group_arn": null,
            "iam_instance_profile": "",
            "id": "i-018ae368411702466",
            "instance_initiated_shutdown_behavior": "stop",
            "instance_state": "running",
            "instance_type": "t2.micro",
            "ipv6_address_count": 0,
            "ipv6_addresses": [],
            "key_name": "main-key-1",
            "launch_template": [],
            "maintenance_options": [
              {
                "auto_recovery": "default"
              }
            ],
            "metadata_options": [
              {
                "http_endpoint": "enabled",
                "http_put_response_hop_limit": 1,
                "http_tokens": "optional",
                "instance_metadata_tags": "disabled"
              }
            ],
            "monitoring": false,
            "network_interface": [],
            "outpost_arn": "",
            "password_data": "",
            "placement_group": "",
            "placement_partition_number": 0,
            "primary_network_interface_id": "eni-02aa5c0a2cdbde72e",
            "private_dns": "ip-20-0-5-141.ap-south-1.compute.internal",
            "private_dns_name_options": [
              {
                "enable_resource_name_dns_a_record": false,
                "enable_resource_name_dns_aaaa_record": false,
                "hostname_type": "ip-name"
              }
            ],
            "private_ip": "20.0.5.141",
            "public_dns": "",
            "public_ip": "",
            "root_block_device": [
              {
                "delete_on_termination": true,
                "device_name": "/dev/sda1",
                "encrypted": false,
                "iops": 100,
                "kms_key_id": "",
                "tags": {},
                "throughput": 0,
                "volume_id": "vol-0f956d24d8d131539",
                "volume_size": 8,
                "volume_type": "gp2"
              }
            ],
            "secondary_private_ips": [],
            "security_groups": [],
            "source_dest_check": true,
            "subnet_id": "subnet-09d0cc29293167403",
            "tags": {
              "Name": "mongo-3"
            },
            "tags_all": {
              "Name": "mongo-3"
            },
            "tenancy": "default",
            "timeouts": null,
            "user_data": null,
            "user_data_base64": null,
            "user_data_replace_on_change": false,
            "volume_tags": null,
            "vpc_security_group_ids": [
              "sg-082165720c11d3669"
            ]
          },
          "sensitive_attributes": [],
          "private": "eyJlMmJmYjczMC1lY2FhLTExZTYtOGY4OC0zNDM2M2JjN2M0YzAiOnsiY3JlYXRlIjo2MDAwMDAwMDAwMDAsImRlbGV0ZSI6MTIwMDAwMDAwMDAwMCwidXBkYXRlIjo2MDAwMDAwMDAwMDB9LCJzY2hlbWFfdmVyc2lvbiI6IjEifQ==",
          "dependencies": [
            "aws_eip.db-elastic-1",
            "aws_eip.db-elastic-2",
            "aws_instance.bastion-host",
            "aws_instance.mongo-1",
            "aws_instance.mongo-2",
            "aws_internet_gateway.db-igw",
            "aws_key_pair.main_key_pair",
            "aws_nat_gateway.db-nat-1",
            "aws_nat_gateway.db-nat-2",
            "aws_route_table.db-pub-route",
            "aws_route_table.db-pvt-route-1",
            "aws_route_table.db-pvt-route-2",
            "aws_route_table.db-pvt-route-3",
            "aws_route_table.db-pvt-route-4",
            "aws_route_table_association.db-pub-1",
            "aws_route_table_association.db-pub-2",
            "aws_route_table_association.db-pvt-1",
            "aws_route_table_association.db-pvt-2",
            "aws_route_table_association.db-pvt-3",
            "aws_route_table_association.db-pvt-4",
            "aws_security_group.demosg",
            "aws_subnet.db-pub-sub-1",
            "aws_subnet.db-pub-sub-2",
            "aws_subnet.db-pvt-sub-1",
            "aws_subnet.db-pvt-sub-2",
            "aws_subnet.db-pvt-sub-3",
            "aws_subnet.db-pvt-sub-4",
            "aws_vpc.dbvpc",
            "null_resource.copy",
            "tls_private_key.rsa"
          ]
        }
      ]
    },
    {
      "mode": "managed",
      "type": "aws_internet_gateway",
      "name": "db-igw",
      "provider": "provider[\"registry.terraform.io/hashicorp/aws\"]",
      "instances": [
        {
          "schema_version": 0,
          "attributes": {
            "arn": "arn:aws:ec2:ap-south-1:600346421145:internet-gateway/igw-013728922fadf71a4",
            "id": "igw-013728922fadf71a4",
            "owner_id": "600346421145",
            "tags": {
              "Name": "db-igw"
            },
            "tags_all": {
              "Name": "db-igw"
            },
            "timeouts": null,
            "vpc_id": "vpc-08689f4e296944781"
          },
          "sensitive_attributes": [],
          "private": "eyJlMmJmYjczMC1lY2FhLTExZTYtOGY4OC0zNDM2M2JjN2M0YzAiOnsiY3JlYXRlIjoxMjAwMDAwMDAwMDAwLCJkZWxldGUiOjEyMDAwMDAwMDAwMDAsInVwZGF0ZSI6MTIwMDAwMDAwMDAwMH19",
          "dependencies": [
            "aws_vpc.dbvpc"
          ]
        }
      ]
    },
    {
      "mode": "managed",
      "type": "aws_key_pair",
      "name": "main_key_pair",
      "provider": "provider[\"registry.terraform.io/hashicorp/aws\"]",
      "instances": [
        {
          "schema_version": 1,
          "attributes": {
            "arn": "arn:aws:ec2:ap-south-1:600346421145:key-pair/main-key-1",
            "fingerprint": "af:4a:b0:6b:7b:26:45:8c:cb:76:b5:5a:eb:03:7a:d5",
            "id": "main-key-1",
            "key_name": "main-key-1",
            "key_name_prefix": "",
            "key_pair_id": "key-04835892db23446ef",
            "key_type": "rsa",
            "public_key": "ssh-rsa AAAAB3NzaC1yc2EAAAADAQABAAACAQDYOYbrPRZitHnUJB6os05tVsvvEcRxRqX1FKqz7p/9eg5u2OaWAe1wpGR71p4E8i5oqPexLXEjjlnn5f+UNzCh9cPss1iC3jdK9q7KA3FVSEOvFsSNJjJeWLztcjARJ+y2rUj+nr1mUhciD3s4jD6/aeMOjw+/soVj0ChpuQ/6IrVBlbubbs9Yv4zIXWTIb8aN8H1fV1x6PMG9mghSIszO4E+rtUQxB4IBSfLjFkBXA9Z4zvlJQBXAVvFmRkqxGx8k8i6517iye0PAjQ9gcH38Qox7aQ7zfgY6joZHHfRSXgh/pXpvuM3CjcMltAqVPRSZZd/kkBOw0hOmXqRbP5duWqw2qUobvfBrxzlPfWV6PmVH2dY3jjpbIP63VCX+ZOe8+QMMm7bait8XbRDjv+sw5WJ6/aWqLihO+yGGxqtAmfe19jaN3NTr6PUQqSMqtKOP1AcQ60UBqIwqfhYbALK2cILAyuCiPmrTXUqbGWfgWHQYi9RDUyGUfAHLjiTlSgR9ov+CIqn8TFB9iHgmfasAsbNXDNAQWYQZYRdaG1P2jnOPTIIst40dGu/92ymVaNphO8ZAYSAQoEhVpvkVp+1lDooK+bFh2JXcRR9liV7HX7AVHmZKFDmw0rQlTYwYXf+9KoptF3gYW6mC58lBR5LbBVM00l2/64Sj7ZGI94+8FQ==",
            "tags": {},
            "tags_all": {}
          },
          "sensitive_attributes": [],
          "private": "eyJzY2hlbWFfdmVyc2lvbiI6IjEifQ==",
          "dependencies": [
            "aws_eip.db-elastic-1",
            "aws_eip.db-elastic-2",
            "aws_internet_gateway.db-igw",
            "aws_nat_gateway.db-nat-1",
            "aws_nat_gateway.db-nat-2",
            "aws_route_table.db-pub-route",
            "aws_route_table.db-pvt-route-1",
            "aws_route_table.db-pvt-route-2",
            "aws_route_table.db-pvt-route-3",
            "aws_route_table.db-pvt-route-4",
            "aws_route_table_association.db-pub-1",
            "aws_route_table_association.db-pub-2",
            "aws_route_table_association.db-pvt-1",
            "aws_route_table_association.db-pvt-2",
            "aws_route_table_association.db-pvt-3",
            "aws_route_table_association.db-pvt-4",
            "aws_security_group.demosg",
            "aws_subnet.db-pub-sub-1",
            "aws_subnet.db-pub-sub-2",
            "aws_subnet.db-pvt-sub-1",
            "aws_subnet.db-pvt-sub-2",
            "aws_subnet.db-pvt-sub-3",
            "aws_subnet.db-pvt-sub-4",
            "aws_vpc.dbvpc",
            "tls_private_key.rsa"
          ]
        }
      ]
    },
    {
      "mode": "managed",
      "type": "aws_nat_gateway",
      "name": "db-nat-1",
      "provider": "provider[\"registry.terraform.io/hashicorp/aws\"]",
      "instances": [
        {
          "schema_version": 0,
          "attributes": {
            "allocation_id": "eipalloc-0fa8a0aede850e2bb",
            "association_id": "eipassoc-0cca1b011bc9eadbe",
            "connectivity_type": "public",
            "id": "nat-0964d68901ddc30a3",
            "network_interface_id": "eni-0fac6d103bb20a8ec",
            "private_ip": "20.0.1.78",
            "public_ip": "15.206.29.248",
            "subnet_id": "subnet-02ec1544ba47e7926",
            "tags": {
              "Name": "dbnat-1"
            },
            "tags_all": {
              "Name": "dbnat-1"
            }
          },
          "sensitive_attributes": [],
          "private": "bnVsbA==",
          "dependencies": [
            "aws_eip.db-elastic-1",
            "aws_internet_gateway.db-igw",
            "aws_subnet.db-pub-sub-1",
            "aws_subnet.db-pub-sub-2",
            "aws_subnet.db-pvt-sub-1",
            "aws_subnet.db-pvt-sub-2",
            "aws_subnet.db-pvt-sub-3",
            "aws_subnet.db-pvt-sub-4",
            "aws_vpc.dbvpc"
          ]
        }
      ]
    },
    {
      "mode": "managed",
      "type": "aws_nat_gateway",
      "name": "db-nat-2",
      "provider": "provider[\"registry.terraform.io/hashicorp/aws\"]",
      "instances": [
        {
          "schema_version": 0,
          "attributes": {
            "allocation_id": "eipalloc-06a023b3b7ab95049",
            "association_id": "eipassoc-0068b18d2efb16dc6",
            "connectivity_type": "public",
            "id": "nat-0d97ff9084b96078d",
            "network_interface_id": "eni-0f884cac2f4e881d4",
            "private_ip": "20.0.3.254",
            "public_ip": "3.7.167.122",
            "subnet_id": "subnet-07f1b818b13436038",
            "tags": {
              "Name": "dbnat-2"
            },
            "tags_all": {
              "Name": "dbnat-2"
            }
          },
          "sensitive_attributes": [],
          "private": "bnVsbA==",
          "dependencies": [
            "aws_eip.db-elastic-1",
            "aws_eip.db-elastic-2",
            "aws_internet_gateway.db-igw",
            "aws_nat_gateway.db-nat-1",
            "aws_subnet.db-pub-sub-1",
            "aws_subnet.db-pub-sub-2",
            "aws_subnet.db-pvt-sub-1",
            "aws_subnet.db-pvt-sub-2",
            "aws_subnet.db-pvt-sub-3",
            "aws_subnet.db-pvt-sub-4",
            "aws_vpc.dbvpc"
          ]
        }
      ]
    },
    {
      "mode": "managed",
      "type": "aws_route53_zone",
      "name": "database-darwinbox",
      "provider": "provider[\"registry.terraform.io/hashicorp/aws\"]",
      "instances": [
        {
          "schema_version": 0,
          "attributes": {
            "arn": "arn:aws:route53:::hostedzone/Z06965391IPGZTNP4N0CK",
            "comment": "Managed by Terraform",
            "delegation_set_id": "",
            "force_destroy": false,
            "id": "Z06965391IPGZTNP4N0CK",
            "name": "database-darwinbox.com",
            "name_servers": [
              "ns-0.awsdns-00.com.",
              "ns-1024.awsdns-00.org.",
              "ns-1536.awsdns-00.co.uk.",
              "ns-512.awsdns-00.net."
            ],
            "primary_name_server": "ns-0.awsdns-00.com.",
            "tags": null,
            "tags_all": {},
            "vpc": [
              {
                "vpc_id": "vpc-08689f4e296944781",
                "vpc_region": "ap-south-1"
              }
            ],
            "zone_id": "Z06965391IPGZTNP4N0CK"
          },
          "sensitive_attributes": [],
          "private": "bnVsbA==",
          "dependencies": [
            "aws_vpc.dbvpc"
          ]
        }
      ]
    },
    {
      "mode": "managed",
      "type": "aws_route_table",
      "name": "db-pub-route",
      "provider": "provider[\"registry.terraform.io/hashicorp/aws\"]",
      "instances": [
        {
          "schema_version": 0,
          "attributes": {
            "arn": "arn:aws:ec2:ap-south-1:600346421145:route-table/rtb-07d678df5e9a968ad",
            "id": "rtb-07d678df5e9a968ad",
            "owner_id": "600346421145",
            "propagating_vgws": [],
            "route": [
              {
                "carrier_gateway_id": "",
                "cidr_block": "0.0.0.0/0",
                "core_network_arn": "",
                "destination_prefix_list_id": "",
                "egress_only_gateway_id": "",
                "gateway_id": "igw-013728922fadf71a4",
                "instance_id": "",
                "ipv6_cidr_block": "",
                "local_gateway_id": "",
                "nat_gateway_id": "",
                "network_interface_id": "",
                "transit_gateway_id": "",
                "vpc_endpoint_id": "",
                "vpc_peering_connection_id": ""
              }
            ],
            "tags": {
              "Name": "db-pub-rot"
            },
            "tags_all": {
              "Name": "db-pub-rot"
            },
            "timeouts": null,
            "vpc_id": "vpc-08689f4e296944781"
          },
          "sensitive_attributes": [],
          "private": "eyJlMmJmYjczMC1lY2FhLTExZTYtOGY4OC0zNDM2M2JjN2M0YzAiOnsiY3JlYXRlIjozMDAwMDAwMDAwMDAsImRlbGV0ZSI6MzAwMDAwMDAwMDAwLCJ1cGRhdGUiOjEyMDAwMDAwMDAwMH19",
          "dependencies": [
            "aws_eip.db-elastic-1",
            "aws_eip.db-elastic-2",
            "aws_internet_gateway.db-igw",
            "aws_nat_gateway.db-nat-1",
            "aws_nat_gateway.db-nat-2",
            "aws_subnet.db-pub-sub-1",
            "aws_subnet.db-pub-sub-2",
            "aws_subnet.db-pvt-sub-1",
            "aws_subnet.db-pvt-sub-2",
            "aws_subnet.db-pvt-sub-3",
            "aws_subnet.db-pvt-sub-4",
            "aws_vpc.dbvpc"
          ]
        }
      ]
    },
    {
      "mode": "managed",
      "type": "aws_route_table",
      "name": "db-pvt-route-1",
      "provider": "provider[\"registry.terraform.io/hashicorp/aws\"]",
      "instances": [
        {
          "schema_version": 0,
          "attributes": {
            "arn": "arn:aws:ec2:ap-south-1:600346421145:route-table/rtb-01e296987bdf59cc6",
            "id": "rtb-01e296987bdf59cc6",
            "owner_id": "600346421145",
            "propagating_vgws": [],
            "route": [
              {
                "carrier_gateway_id": "",
                "cidr_block": "0.0.0.0/0",
                "core_network_arn": "",
                "destination_prefix_list_id": "",
                "egress_only_gateway_id": "",
                "gateway_id": "",
                "instance_id": "",
                "ipv6_cidr_block": "",
                "local_gateway_id": "",
                "nat_gateway_id": "nat-0964d68901ddc30a3",
                "network_interface_id": "",
                "transit_gateway_id": "",
                "vpc_endpoint_id": "",
                "vpc_peering_connection_id": ""
              }
            ],
            "tags": {
              "Name": "db-pvt-rot-1"
            },
            "tags_all": {
              "Name": "db-pvt-rot-1"
            },
            "timeouts": null,
            "vpc_id": "vpc-08689f4e296944781"
          },
          "sensitive_attributes": [],
          "private": "eyJlMmJmYjczMC1lY2FhLTExZTYtOGY4OC0zNDM2M2JjN2M0YzAiOnsiY3JlYXRlIjozMDAwMDAwMDAwMDAsImRlbGV0ZSI6MzAwMDAwMDAwMDAwLCJ1cGRhdGUiOjEyMDAwMDAwMDAwMH19",
          "dependencies": [
            "aws_eip.db-elastic-1",
            "aws_eip.db-elastic-2",
            "aws_internet_gateway.db-igw",
            "aws_nat_gateway.db-nat-1",
            "aws_nat_gateway.db-nat-2",
            "aws_route_table.db-pub-route",
            "aws_subnet.db-pub-sub-1",
            "aws_subnet.db-pub-sub-2",
            "aws_subnet.db-pvt-sub-1",
            "aws_subnet.db-pvt-sub-2",
            "aws_subnet.db-pvt-sub-3",
            "aws_subnet.db-pvt-sub-4",
            "aws_vpc.dbvpc"
          ]
        }
      ]
    },
    {
      "mode": "managed",
      "type": "aws_route_table",
      "name": "db-pvt-route-2",
      "provider": "provider[\"registry.terraform.io/hashicorp/aws\"]",
      "instances": [
        {
          "schema_version": 0,
          "attributes": {
            "arn": "arn:aws:ec2:ap-south-1:600346421145:route-table/rtb-0f7ba833d16a53e06",
            "id": "rtb-0f7ba833d16a53e06",
            "owner_id": "600346421145",
            "propagating_vgws": [],
            "route": [
              {
                "carrier_gateway_id": "",
                "cidr_block": "0.0.0.0/0",
                "core_network_arn": "",
                "destination_prefix_list_id": "",
                "egress_only_gateway_id": "",
                "gateway_id": "",
                "instance_id": "",
                "ipv6_cidr_block": "",
                "local_gateway_id": "",
                "nat_gateway_id": "nat-0d97ff9084b96078d",
                "network_interface_id": "",
                "transit_gateway_id": "",
                "vpc_endpoint_id": "",
                "vpc_peering_connection_id": ""
              }
            ],
            "tags": {
              "Name": "db-pvt-rot-2"
            },
            "tags_all": {
              "Name": "db-pvt-rot-2"
            },
            "timeouts": null,
            "vpc_id": "vpc-08689f4e296944781"
          },
          "sensitive_attributes": [],
          "private": "eyJlMmJmYjczMC1lY2FhLTExZTYtOGY4OC0zNDM2M2JjN2M0YzAiOnsiY3JlYXRlIjozMDAwMDAwMDAwMDAsImRlbGV0ZSI6MzAwMDAwMDAwMDAwLCJ1cGRhdGUiOjEyMDAwMDAwMDAwMH19",
          "dependencies": [
            "aws_eip.db-elastic-1",
            "aws_eip.db-elastic-2",
            "aws_internet_gateway.db-igw",
            "aws_nat_gateway.db-nat-1",
            "aws_nat_gateway.db-nat-2",
            "aws_route_table.db-pub-route",
            "aws_route_table.db-pvt-route-1",
            "aws_subnet.db-pub-sub-1",
            "aws_subnet.db-pub-sub-2",
            "aws_subnet.db-pvt-sub-1",
            "aws_subnet.db-pvt-sub-2",
            "aws_subnet.db-pvt-sub-3",
            "aws_subnet.db-pvt-sub-4",
            "aws_vpc.dbvpc"
          ]
        }
      ]
    },
    {
      "mode": "managed",
      "type": "aws_route_table",
      "name": "db-pvt-route-3",
      "provider": "provider[\"registry.terraform.io/hashicorp/aws\"]",
      "instances": [
        {
          "schema_version": 0,
          "attributes": {
            "arn": "arn:aws:ec2:ap-south-1:600346421145:route-table/rtb-0017b1577b70ab938",
            "id": "rtb-0017b1577b70ab938",
            "owner_id": "600346421145",
            "propagating_vgws": [],
            "route": [
              {
                "carrier_gateway_id": "",
                "cidr_block": "0.0.0.0/0",
                "core_network_arn": "",
                "destination_prefix_list_id": "",
                "egress_only_gateway_id": "",
                "gateway_id": "",
                "instance_id": "",
                "ipv6_cidr_block": "",
                "local_gateway_id": "",
                "nat_gateway_id": "nat-0964d68901ddc30a3",
                "network_interface_id": "",
                "transit_gateway_id": "",
                "vpc_endpoint_id": "",
                "vpc_peering_connection_id": ""
              }
            ],
            "tags": {
              "Name": "db-pvt-rot-3"
            },
            "tags_all": {
              "Name": "db-pvt-rot-3"
            },
            "timeouts": null,
            "vpc_id": "vpc-08689f4e296944781"
          },
          "sensitive_attributes": [],
          "private": "eyJlMmJmYjczMC1lY2FhLTExZTYtOGY4OC0zNDM2M2JjN2M0YzAiOnsiY3JlYXRlIjozMDAwMDAwMDAwMDAsImRlbGV0ZSI6MzAwMDAwMDAwMDAwLCJ1cGRhdGUiOjEyMDAwMDAwMDAwMH19",
          "dependencies": [
            "aws_eip.db-elastic-1",
            "aws_eip.db-elastic-2",
            "aws_internet_gateway.db-igw",
            "aws_nat_gateway.db-nat-1",
            "aws_nat_gateway.db-nat-2",
            "aws_route_table.db-pub-route",
            "aws_route_table.db-pvt-route-1",
            "aws_route_table.db-pvt-route-2",
            "aws_subnet.db-pub-sub-1",
            "aws_subnet.db-pub-sub-2",
            "aws_subnet.db-pvt-sub-1",
            "aws_subnet.db-pvt-sub-2",
            "aws_subnet.db-pvt-sub-3",
            "aws_subnet.db-pvt-sub-4",
            "aws_vpc.dbvpc"
          ]
        }
      ]
    },
    {
      "mode": "managed",
      "type": "aws_route_table",
      "name": "db-pvt-route-4",
      "provider": "provider[\"registry.terraform.io/hashicorp/aws\"]",
      "instances": [
        {
          "schema_version": 0,
          "attributes": {
            "arn": "arn:aws:ec2:ap-south-1:600346421145:route-table/rtb-045cbc270a9827e20",
            "id": "rtb-045cbc270a9827e20",
            "owner_id": "600346421145",
            "propagating_vgws": [],
            "route": [
              {
                "carrier_gateway_id": "",
                "cidr_block": "0.0.0.0/0",
                "core_network_arn": "",
                "destination_prefix_list_id": "",
                "egress_only_gateway_id": "",
                "gateway_id": "",
                "instance_id": "",
                "ipv6_cidr_block": "",
                "local_gateway_id": "",
                "nat_gateway_id": "nat-0d97ff9084b96078d",
                "network_interface_id": "",
                "transit_gateway_id": "",
                "vpc_endpoint_id": "",
                "vpc_peering_connection_id": ""
              }
            ],
            "tags": {
              "Name": "db-pvt-rot-4"
            },
            "tags_all": {
              "Name": "db-pvt-rot-4"
            },
            "timeouts": null,
            "vpc_id": "vpc-08689f4e296944781"
          },
          "sensitive_attributes": [],
          "private": "eyJlMmJmYjczMC1lY2FhLTExZTYtOGY4OC0zNDM2M2JjN2M0YzAiOnsiY3JlYXRlIjozMDAwMDAwMDAwMDAsImRlbGV0ZSI6MzAwMDAwMDAwMDAwLCJ1cGRhdGUiOjEyMDAwMDAwMDAwMH19",
          "dependencies": [
            "aws_eip.db-elastic-1",
            "aws_eip.db-elastic-2",
            "aws_internet_gateway.db-igw",
            "aws_nat_gateway.db-nat-1",
            "aws_nat_gateway.db-nat-2",
            "aws_route_table.db-pub-route",
            "aws_route_table.db-pvt-route-1",
            "aws_route_table.db-pvt-route-2",
            "aws_route_table.db-pvt-route-3",
            "aws_subnet.db-pub-sub-1",
            "aws_subnet.db-pub-sub-2",
            "aws_subnet.db-pvt-sub-1",
            "aws_subnet.db-pvt-sub-2",
            "aws_subnet.db-pvt-sub-3",
            "aws_subnet.db-pvt-sub-4",
            "aws_vpc.dbvpc"
          ]
        }
      ]
    },
    {
      "mode": "managed",
      "type": "aws_route_table_association",
      "name": "db-pub-1",
      "provider": "provider[\"registry.terraform.io/hashicorp/aws\"]",
      "instances": [
        {
          "schema_version": 0,
          "attributes": {
            "gateway_id": "",
            "id": "rtbassoc-04bebf1dbd844606c",
            "route_table_id": "rtb-07d678df5e9a968ad",
            "subnet_id": "subnet-02ec1544ba47e7926",
            "timeouts": null
          },
          "sensitive_attributes": [],
          "private": "eyJlMmJmYjczMC1lY2FhLTExZTYtOGY4OC0zNDM2M2JjN2M0YzAiOnsiY3JlYXRlIjozMDAwMDAwMDAwMDAsImRlbGV0ZSI6MzAwMDAwMDAwMDAwLCJ1cGRhdGUiOjEyMDAwMDAwMDAwMH19",
          "dependencies": [
            "aws_eip.db-elastic-1",
            "aws_eip.db-elastic-2",
            "aws_internet_gateway.db-igw",
            "aws_nat_gateway.db-nat-1",
            "aws_nat_gateway.db-nat-2",
            "aws_route_table.db-pub-route",
            "aws_route_table.db-pvt-route-1",
            "aws_route_table.db-pvt-route-2",
            "aws_route_table.db-pvt-route-3",
            "aws_route_table.db-pvt-route-4",
            "aws_subnet.db-pub-sub-1",
            "aws_subnet.db-pub-sub-2",
            "aws_subnet.db-pvt-sub-1",
            "aws_subnet.db-pvt-sub-2",
            "aws_subnet.db-pvt-sub-3",
            "aws_subnet.db-pvt-sub-4",
            "aws_vpc.dbvpc"
          ]
        }
      ]
    },
    {
      "mode": "managed",
      "type": "aws_route_table_association",
      "name": "db-pub-2",
      "provider": "provider[\"registry.terraform.io/hashicorp/aws\"]",
      "instances": [
        {
          "schema_version": 0,
          "attributes": {
            "gateway_id": "",
            "id": "rtbassoc-0612835468c868773",
            "route_table_id": "rtb-07d678df5e9a968ad",
            "subnet_id": "subnet-07f1b818b13436038",
            "timeouts": null
          },
          "sensitive_attributes": [],
          "private": "eyJlMmJmYjczMC1lY2FhLTExZTYtOGY4OC0zNDM2M2JjN2M0YzAiOnsiY3JlYXRlIjozMDAwMDAwMDAwMDAsImRlbGV0ZSI6MzAwMDAwMDAwMDAwLCJ1cGRhdGUiOjEyMDAwMDAwMDAwMH19",
          "dependencies": [
            "aws_eip.db-elastic-1",
            "aws_eip.db-elastic-2",
            "aws_internet_gateway.db-igw",
            "aws_nat_gateway.db-nat-1",
            "aws_nat_gateway.db-nat-2",
            "aws_route_table.db-pub-route",
            "aws_route_table.db-pvt-route-1",
            "aws_route_table.db-pvt-route-2",
            "aws_route_table.db-pvt-route-3",
            "aws_route_table.db-pvt-route-4",
            "aws_route_table_association.db-pub-1",
            "aws_route_table_association.db-pvt-1",
            "aws_subnet.db-pub-sub-1",
            "aws_subnet.db-pub-sub-2",
            "aws_subnet.db-pvt-sub-1",
            "aws_subnet.db-pvt-sub-2",
            "aws_subnet.db-pvt-sub-3",
            "aws_subnet.db-pvt-sub-4",
            "aws_vpc.dbvpc"
          ]
        }
      ]
    },
    {
      "mode": "managed",
      "type": "aws_route_table_association",
      "name": "db-pvt-1",
      "provider": "provider[\"registry.terraform.io/hashicorp/aws\"]",
      "instances": [
        {
          "schema_version": 0,
          "attributes": {
            "gateway_id": "",
            "id": "rtbassoc-024ae9dcc19ed6b1d",
            "route_table_id": "rtb-01e296987bdf59cc6",
            "subnet_id": "subnet-0da4b17e5cf720900",
            "timeouts": null
          },
          "sensitive_attributes": [],
          "private": "eyJlMmJmYjczMC1lY2FhLTExZTYtOGY4OC0zNDM2M2JjN2M0YzAiOnsiY3JlYXRlIjozMDAwMDAwMDAwMDAsImRlbGV0ZSI6MzAwMDAwMDAwMDAwLCJ1cGRhdGUiOjEyMDAwMDAwMDAwMH19",
          "dependencies": [
            "aws_eip.db-elastic-1",
            "aws_eip.db-elastic-2",
            "aws_internet_gateway.db-igw",
            "aws_nat_gateway.db-nat-1",
            "aws_nat_gateway.db-nat-2",
            "aws_route_table.db-pub-route",
            "aws_route_table.db-pvt-route-1",
            "aws_route_table.db-pvt-route-2",
            "aws_route_table.db-pvt-route-3",
            "aws_route_table.db-pvt-route-4",
            "aws_route_table_association.db-pub-1",
            "aws_subnet.db-pub-sub-1",
            "aws_subnet.db-pub-sub-2",
            "aws_subnet.db-pvt-sub-1",
            "aws_subnet.db-pvt-sub-2",
            "aws_subnet.db-pvt-sub-3",
            "aws_subnet.db-pvt-sub-4",
            "aws_vpc.dbvpc"
          ]
        }
      ]
    },
    {
      "mode": "managed",
      "type": "aws_route_table_association",
      "name": "db-pvt-2",
      "provider": "provider[\"registry.terraform.io/hashicorp/aws\"]",
      "instances": [
        {
          "schema_version": 0,
          "attributes": {
            "gateway_id": "",
            "id": "rtbassoc-0694cc24163fbea2c",
            "route_table_id": "rtb-0f7ba833d16a53e06",
            "subnet_id": "subnet-0f8262922c62ae204",
            "timeouts": null
          },
          "sensitive_attributes": [],
          "private": "eyJlMmJmYjczMC1lY2FhLTExZTYtOGY4OC0zNDM2M2JjN2M0YzAiOnsiY3JlYXRlIjozMDAwMDAwMDAwMDAsImRlbGV0ZSI6MzAwMDAwMDAwMDAwLCJ1cGRhdGUiOjEyMDAwMDAwMDAwMH19",
          "dependencies": [
            "aws_eip.db-elastic-1",
            "aws_eip.db-elastic-2",
            "aws_internet_gateway.db-igw",
            "aws_nat_gateway.db-nat-1",
            "aws_nat_gateway.db-nat-2",
            "aws_route_table.db-pub-route",
            "aws_route_table.db-pvt-route-1",
            "aws_route_table.db-pvt-route-2",
            "aws_route_table.db-pvt-route-3",
            "aws_route_table.db-pvt-route-4",
            "aws_route_table_association.db-pub-1",
            "aws_route_table_association.db-pub-2",
            "aws_route_table_association.db-pvt-1",
            "aws_subnet.db-pub-sub-1",
            "aws_subnet.db-pub-sub-2",
            "aws_subnet.db-pvt-sub-1",
            "aws_subnet.db-pvt-sub-2",
            "aws_subnet.db-pvt-sub-3",
            "aws_subnet.db-pvt-sub-4",
            "aws_vpc.dbvpc"
          ]
        }
      ]
    },
    {
      "mode": "managed",
      "type": "aws_route_table_association",
      "name": "db-pvt-3",
      "provider": "provider[\"registry.terraform.io/hashicorp/aws\"]",
      "instances": [
        {
          "schema_version": 0,
          "attributes": {
            "gateway_id": "",
            "id": "rtbassoc-0637240c8850769ab",
            "route_table_id": "rtb-0017b1577b70ab938",
            "subnet_id": "subnet-09d0cc29293167403",
            "timeouts": null
          },
          "sensitive_attributes": [],
          "private": "eyJlMmJmYjczMC1lY2FhLTExZTYtOGY4OC0zNDM2M2JjN2M0YzAiOnsiY3JlYXRlIjozMDAwMDAwMDAwMDAsImRlbGV0ZSI6MzAwMDAwMDAwMDAwLCJ1cGRhdGUiOjEyMDAwMDAwMDAwMH19",
          "dependencies": [
            "aws_eip.db-elastic-1",
            "aws_eip.db-elastic-2",
            "aws_internet_gateway.db-igw",
            "aws_nat_gateway.db-nat-1",
            "aws_nat_gateway.db-nat-2",
            "aws_route_table.db-pub-route",
            "aws_route_table.db-pvt-route-1",
            "aws_route_table.db-pvt-route-2",
            "aws_route_table.db-pvt-route-3",
            "aws_route_table.db-pvt-route-4",
            "aws_route_table_association.db-pub-1",
            "aws_route_table_association.db-pub-2",
            "aws_route_table_association.db-pvt-1",
            "aws_route_table_association.db-pvt-2",
            "aws_subnet.db-pub-sub-1",
            "aws_subnet.db-pub-sub-2",
            "aws_subnet.db-pvt-sub-1",
            "aws_subnet.db-pvt-sub-2",
            "aws_subnet.db-pvt-sub-3",
            "aws_subnet.db-pvt-sub-4",
            "aws_vpc.dbvpc"
          ]
        }
      ]
    },
    {
      "mode": "managed",
      "type": "aws_route_table_association",
      "name": "db-pvt-4",
      "provider": "provider[\"registry.terraform.io/hashicorp/aws\"]",
      "instances": [
        {
          "schema_version": 0,
          "attributes": {
            "gateway_id": "",
            "id": "rtbassoc-0fbdb368361eba0bb",
            "route_table_id": "rtb-045cbc270a9827e20",
            "subnet_id": "subnet-006641c7e4fce2574",
            "timeouts": null
          },
          "sensitive_attributes": [],
          "private": "eyJlMmJmYjczMC1lY2FhLTExZTYtOGY4OC0zNDM2M2JjN2M0YzAiOnsiY3JlYXRlIjozMDAwMDAwMDAwMDAsImRlbGV0ZSI6MzAwMDAwMDAwMDAwLCJ1cGRhdGUiOjEyMDAwMDAwMDAwMH19",
          "dependencies": [
            "aws_eip.db-elastic-1",
            "aws_eip.db-elastic-2",
            "aws_internet_gateway.db-igw",
            "aws_nat_gateway.db-nat-1",
            "aws_nat_gateway.db-nat-2",
            "aws_route_table.db-pub-route",
            "aws_route_table.db-pvt-route-1",
            "aws_route_table.db-pvt-route-2",
            "aws_route_table.db-pvt-route-3",
            "aws_route_table.db-pvt-route-4",
            "aws_route_table_association.db-pub-1",
            "aws_route_table_association.db-pub-2",
            "aws_route_table_association.db-pvt-1",
            "aws_route_table_association.db-pvt-2",
            "aws_route_table_association.db-pvt-3",
            "aws_subnet.db-pub-sub-1",
            "aws_subnet.db-pub-sub-2",
            "aws_subnet.db-pvt-sub-1",
            "aws_subnet.db-pvt-sub-2",
            "aws_subnet.db-pvt-sub-3",
            "aws_subnet.db-pvt-sub-4",
            "aws_vpc.dbvpc"
          ]
        }
      ]
    },
    {
      "mode": "managed",
      "type": "aws_security_group",
      "name": "demosg",
      "provider": "provider[\"registry.terraform.io/hashicorp/aws\"]",
      "instances": [
        {
          "schema_version": 1,
          "attributes": {
            "arn": "arn:aws:ec2:ap-south-1:600346421145:security-group/sg-082165720c11d3669",
            "description": "Managed by Terraform",
            "egress": [
              {
                "cidr_blocks": [
                  "0.0.0.0/0"
                ],
                "description": "",
                "from_port": 0,
                "ipv6_cidr_blocks": [],
                "prefix_list_ids": [],
                "protocol": "-1",
                "security_groups": [],
                "self": false,
                "to_port": 0
              }
            ],
            "id": "sg-082165720c11d3669",
            "ingress": [
              {
                "cidr_blocks": [
                  "0.0.0.0/0"
                ],
                "description": "",
                "from_port": 22,
                "ipv6_cidr_blocks": [],
                "prefix_list_ids": [],
                "protocol": "tcp",
                "security_groups": [],
                "self": false,
                "to_port": 22
              },
              {
                "cidr_blocks": [
                  "0.0.0.0/0"
                ],
                "description": "",
                "from_port": 27017,
                "ipv6_cidr_blocks": [],
                "prefix_list_ids": [],
                "protocol": "tcp",
                "security_groups": [],
                "self": false,
                "to_port": 27017
              },
              {
                "cidr_blocks": [
                  "0.0.0.0/0"
                ],
                "description": "",
                "from_port": 80,
                "ipv6_cidr_blocks": [],
                "prefix_list_ids": [],
                "protocol": "tcp",
                "security_groups": [],
                "self": false,
                "to_port": 80
              }
            ],
            "name": "terraform-20230523072943302300000004",
            "name_prefix": "terraform-",
            "owner_id": "600346421145",
            "revoke_rules_on_delete": false,
            "tags": {},
            "tags_all": {},
            "timeouts": null,
            "vpc_id": "vpc-08689f4e296944781"
          },
          "sensitive_attributes": [],
          "private": "eyJlMmJmYjczMC1lY2FhLTExZTYtOGY4OC0zNDM2M2JjN2M0YzAiOnsiY3JlYXRlIjo2MDAwMDAwMDAwMDAsImRlbGV0ZSI6OTAwMDAwMDAwMDAwfSwic2NoZW1hX3ZlcnNpb24iOiIxIn0=",
          "dependencies": [
            "aws_eip.db-elastic-1",
            "aws_eip.db-elastic-2",
            "aws_internet_gateway.db-igw",
            "aws_nat_gateway.db-nat-1",
            "aws_nat_gateway.db-nat-2",
            "aws_route_table.db-pub-route",
            "aws_route_table.db-pvt-route-1",
            "aws_route_table.db-pvt-route-2",
            "aws_route_table.db-pvt-route-3",
            "aws_route_table.db-pvt-route-4",
            "aws_route_table_association.db-pub-1",
            "aws_route_table_association.db-pub-2",
            "aws_route_table_association.db-pvt-1",
            "aws_route_table_association.db-pvt-2",
            "aws_route_table_association.db-pvt-3",
            "aws_route_table_association.db-pvt-4",
            "aws_subnet.db-pub-sub-1",
            "aws_subnet.db-pub-sub-2",
            "aws_subnet.db-pvt-sub-1",
            "aws_subnet.db-pvt-sub-2",
            "aws_subnet.db-pvt-sub-3",
            "aws_subnet.db-pvt-sub-4",
            "aws_vpc.dbvpc"
          ]
        }
      ]
    },
    {
      "mode": "managed",
      "type": "aws_subnet",
      "name": "db-pub-sub-1",
      "provider": "provider[\"registry.terraform.io/hashicorp/aws\"]",
      "instances": [
        {
          "schema_version": 1,
          "attributes": {
            "arn": "arn:aws:ec2:ap-south-1:600346421145:subnet/subnet-02ec1544ba47e7926",
            "assign_ipv6_address_on_creation": false,
            "availability_zone": "ap-south-1a",
            "availability_zone_id": "aps1-az1",
            "cidr_block": "20.0.1.0/24",
            "customer_owned_ipv4_pool": "",
            "enable_dns64": false,
            "enable_lni_at_device_index": 0,
            "enable_resource_name_dns_a_record_on_launch": false,
            "enable_resource_name_dns_aaaa_record_on_launch": false,
            "id": "subnet-02ec1544ba47e7926",
            "ipv6_cidr_block": "",
            "ipv6_cidr_block_association_id": "",
            "ipv6_native": false,
            "map_customer_owned_ip_on_launch": false,
            "map_public_ip_on_launch": true,
            "outpost_arn": "",
            "owner_id": "600346421145",
            "private_dns_hostname_type_on_launch": "ip-name",
            "tags": {
              "Name": "db-pub-subnet-1"
            },
            "tags_all": {
              "Name": "db-pub-subnet-1"
            },
            "timeouts": null,
            "vpc_id": "vpc-08689f4e296944781"
          },
          "sensitive_attributes": [],
          "private": "eyJlMmJmYjczMC1lY2FhLTExZTYtOGY4OC0zNDM2M2JjN2M0YzAiOnsiY3JlYXRlIjo2MDAwMDAwMDAwMDAsImRlbGV0ZSI6MTIwMDAwMDAwMDAwMH0sInNjaGVtYV92ZXJzaW9uIjoiMSJ9",
          "dependencies": [
            "aws_internet_gateway.db-igw",
            "aws_vpc.dbvpc"
          ]
        }
      ]
    },
    {
      "mode": "managed",
      "type": "aws_subnet",
      "name": "db-pub-sub-2",
      "provider": "provider[\"registry.terraform.io/hashicorp/aws\"]",
      "instances": [
        {
          "schema_version": 1,
          "attributes": {
            "arn": "arn:aws:ec2:ap-south-1:600346421145:subnet/subnet-07f1b818b13436038",
            "assign_ipv6_address_on_creation": false,
            "availability_zone": "ap-south-1b",
            "availability_zone_id": "aps1-az3",
            "cidr_block": "20.0.3.0/24",
            "customer_owned_ipv4_pool": "",
            "enable_dns64": false,
            "enable_lni_at_device_index": 0,
            "enable_resource_name_dns_a_record_on_launch": false,
            "enable_resource_name_dns_aaaa_record_on_launch": false,
            "id": "subnet-07f1b818b13436038",
            "ipv6_cidr_block": "",
            "ipv6_cidr_block_association_id": "",
            "ipv6_native": false,
            "map_customer_owned_ip_on_launch": false,
            "map_public_ip_on_launch": true,
            "outpost_arn": "",
            "owner_id": "600346421145",
            "private_dns_hostname_type_on_launch": "ip-name",
            "tags": {
              "Name": "db-pub-subnet-2"
            },
            "tags_all": {
              "Name": "db-pub-subnet-2"
            },
            "timeouts": null,
            "vpc_id": "vpc-08689f4e296944781"
          },
          "sensitive_attributes": [],
          "private": "eyJlMmJmYjczMC1lY2FhLTExZTYtOGY4OC0zNDM2M2JjN2M0YzAiOnsiY3JlYXRlIjo2MDAwMDAwMDAwMDAsImRlbGV0ZSI6MTIwMDAwMDAwMDAwMH0sInNjaGVtYV92ZXJzaW9uIjoiMSJ9",
          "dependencies": [
            "aws_internet_gateway.db-igw",
            "aws_subnet.db-pub-sub-1",
            "aws_subnet.db-pvt-sub-1",
            "aws_vpc.dbvpc"
          ]
        }
      ]
    },
    {
      "mode": "managed",
      "type": "aws_subnet",
      "name": "db-pvt-sub-1",
      "provider": "provider[\"registry.terraform.io/hashicorp/aws\"]",
      "instances": [
        {
          "schema_version": 1,
          "attributes": {
            "arn": "arn:aws:ec2:ap-south-1:600346421145:subnet/subnet-0da4b17e5cf720900",
            "assign_ipv6_address_on_creation": false,
            "availability_zone": "ap-south-1a",
            "availability_zone_id": "aps1-az1",
            "cidr_block": "20.0.2.0/24",
            "customer_owned_ipv4_pool": "",
            "enable_dns64": false,
            "enable_lni_at_device_index": 0,
            "enable_resource_name_dns_a_record_on_launch": false,
            "enable_resource_name_dns_aaaa_record_on_launch": false,
            "id": "subnet-0da4b17e5cf720900",
            "ipv6_cidr_block": "",
            "ipv6_cidr_block_association_id": "",
            "ipv6_native": false,
            "map_customer_owned_ip_on_launch": false,
            "map_public_ip_on_launch": false,
            "outpost_arn": "",
            "owner_id": "600346421145",
            "private_dns_hostname_type_on_launch": "ip-name",
            "tags": {
              "Name": "db-pvt-subnet-1"
            },
            "tags_all": {
              "Name": "db-pvt-subnet-1"
            },
            "timeouts": null,
            "vpc_id": "vpc-08689f4e296944781"
          },
          "sensitive_attributes": [],
          "private": "eyJlMmJmYjczMC1lY2FhLTExZTYtOGY4OC0zNDM2M2JjN2M0YzAiOnsiY3JlYXRlIjo2MDAwMDAwMDAwMDAsImRlbGV0ZSI6MTIwMDAwMDAwMDAwMH0sInNjaGVtYV92ZXJzaW9uIjoiMSJ9",
          "dependencies": [
            "aws_internet_gateway.db-igw",
            "aws_subnet.db-pub-sub-1",
            "aws_vpc.dbvpc"
          ]
        }
      ]
    },
    {
      "mode": "managed",
      "type": "aws_subnet",
      "name": "db-pvt-sub-2",
      "provider": "provider[\"registry.terraform.io/hashicorp/aws\"]",
      "instances": [
        {
          "schema_version": 1,
          "attributes": {
            "arn": "arn:aws:ec2:ap-south-1:600346421145:subnet/subnet-0f8262922c62ae204",
            "assign_ipv6_address_on_creation": false,
            "availability_zone": "ap-south-1b",
            "availability_zone_id": "aps1-az3",
            "cidr_block": "20.0.4.0/24",
            "customer_owned_ipv4_pool": "",
            "enable_dns64": false,
            "enable_lni_at_device_index": 0,
            "enable_resource_name_dns_a_record_on_launch": false,
            "enable_resource_name_dns_aaaa_record_on_launch": false,
            "id": "subnet-0f8262922c62ae204",
            "ipv6_cidr_block": "",
            "ipv6_cidr_block_association_id": "",
            "ipv6_native": false,
            "map_customer_owned_ip_on_launch": false,
            "map_public_ip_on_launch": false,
            "outpost_arn": "",
            "owner_id": "600346421145",
            "private_dns_hostname_type_on_launch": "ip-name",
            "tags": {
              "Name": "db-pvt-subnet-2"
            },
            "tags_all": {
              "Name": "db-pvt-subnet-2"
            },
            "timeouts": null,
            "vpc_id": "vpc-08689f4e296944781"
          },
          "sensitive_attributes": [],
          "private": "eyJlMmJmYjczMC1lY2FhLTExZTYtOGY4OC0zNDM2M2JjN2M0YzAiOnsiY3JlYXRlIjo2MDAwMDAwMDAwMDAsImRlbGV0ZSI6MTIwMDAwMDAwMDAwMH0sInNjaGVtYV92ZXJzaW9uIjoiMSJ9",
          "dependencies": [
            "aws_internet_gateway.db-igw",
            "aws_subnet.db-pub-sub-1",
            "aws_subnet.db-pub-sub-2",
            "aws_subnet.db-pvt-sub-1",
            "aws_vpc.dbvpc"
          ]
        }
      ]
    },
    {
      "mode": "managed",
      "type": "aws_subnet",
      "name": "db-pvt-sub-3",
      "provider": "provider[\"registry.terraform.io/hashicorp/aws\"]",
      "instances": [
        {
          "schema_version": 1,
          "attributes": {
            "arn": "arn:aws:ec2:ap-south-1:600346421145:subnet/subnet-09d0cc29293167403",
            "assign_ipv6_address_on_creation": false,
            "availability_zone": "ap-south-1a",
            "availability_zone_id": "aps1-az1",
            "cidr_block": "20.0.5.0/24",
            "customer_owned_ipv4_pool": "",
            "enable_dns64": false,
            "enable_lni_at_device_index": 0,
            "enable_resource_name_dns_a_record_on_launch": false,
            "enable_resource_name_dns_aaaa_record_on_launch": false,
            "id": "subnet-09d0cc29293167403",
            "ipv6_cidr_block": "",
            "ipv6_cidr_block_association_id": "",
            "ipv6_native": false,
            "map_customer_owned_ip_on_launch": false,
            "map_public_ip_on_launch": false,
            "outpost_arn": "",
            "owner_id": "600346421145",
            "private_dns_hostname_type_on_launch": "ip-name",
            "tags": {
              "Name": "db-pvt-subnet-3"
            },
            "tags_all": {
              "Name": "db-pvt-subnet-3"
            },
            "timeouts": null,
            "vpc_id": "vpc-08689f4e296944781"
          },
          "sensitive_attributes": [],
          "private": "eyJlMmJmYjczMC1lY2FhLTExZTYtOGY4OC0zNDM2M2JjN2M0YzAiOnsiY3JlYXRlIjo2MDAwMDAwMDAwMDAsImRlbGV0ZSI6MTIwMDAwMDAwMDAwMH0sInNjaGVtYV92ZXJzaW9uIjoiMSJ9",
          "dependencies": [
            "aws_internet_gateway.db-igw",
            "aws_subnet.db-pub-sub-1",
            "aws_subnet.db-pub-sub-2",
            "aws_subnet.db-pvt-sub-1",
            "aws_subnet.db-pvt-sub-2",
            "aws_vpc.dbvpc"
          ]
        }
      ]
    },
    {
      "mode": "managed",
      "type": "aws_subnet",
      "name": "db-pvt-sub-4",
      "provider": "provider[\"registry.terraform.io/hashicorp/aws\"]",
      "instances": [
        {
          "schema_version": 1,
          "attributes": {
            "arn": "arn:aws:ec2:ap-south-1:600346421145:subnet/subnet-006641c7e4fce2574",
            "assign_ipv6_address_on_creation": false,
            "availability_zone": "ap-south-1b",
            "availability_zone_id": "aps1-az3",
            "cidr_block": "20.0.6.0/24",
            "customer_owned_ipv4_pool": "",
            "enable_dns64": false,
            "enable_lni_at_device_index": 0,
            "enable_resource_name_dns_a_record_on_launch": false,
            "enable_resource_name_dns_aaaa_record_on_launch": false,
            "id": "subnet-006641c7e4fce2574",
            "ipv6_cidr_block": "",
            "ipv6_cidr_block_association_id": "",
            "ipv6_native": false,
            "map_customer_owned_ip_on_launch": false,
            "map_public_ip_on_launch": false,
            "outpost_arn": "",
            "owner_id": "600346421145",
            "private_dns_hostname_type_on_launch": "ip-name",
            "tags": {
              "Name": "db-pvt-subnet-4"
            },
            "tags_all": {
              "Name": "db-pvt-subnet-4"
            },
            "timeouts": null,
            "vpc_id": "vpc-08689f4e296944781"
          },
          "sensitive_attributes": [],
          "private": "eyJlMmJmYjczMC1lY2FhLTExZTYtOGY4OC0zNDM2M2JjN2M0YzAiOnsiY3JlYXRlIjo2MDAwMDAwMDAwMDAsImRlbGV0ZSI6MTIwMDAwMDAwMDAwMH0sInNjaGVtYV92ZXJzaW9uIjoiMSJ9",
          "dependencies": [
            "aws_internet_gateway.db-igw",
            "aws_subnet.db-pub-sub-1",
            "aws_subnet.db-pub-sub-2",
            "aws_subnet.db-pvt-sub-1",
            "aws_subnet.db-pvt-sub-2",
            "aws_subnet.db-pvt-sub-3",
            "aws_vpc.dbvpc"
          ]
        }
      ]
    },
    {
      "mode": "managed",
      "type": "aws_vpc",
      "name": "dbvpc",
      "provider": "provider[\"registry.terraform.io/hashicorp/aws\"]",
      "instances": [
        {
          "schema_version": 1,
          "attributes": {
            "arn": "arn:aws:ec2:ap-south-1:600346421145:vpc/vpc-08689f4e296944781",
            "assign_generated_ipv6_cidr_block": false,
            "cidr_block": "20.0.0.0/16",
            "default_network_acl_id": "acl-0730e33c60e0135ae",
            "default_route_table_id": "rtb-07cf65872d57d54be",
            "default_security_group_id": "sg-09cc268a161d48707",
            "dhcp_options_id": "dopt-057973d72ff294373",
            "enable_classiclink": false,
            "enable_classiclink_dns_support": false,
            "enable_dns_hostnames": false,
            "enable_dns_support": true,
            "enable_network_address_usage_metrics": false,
            "id": "vpc-08689f4e296944781",
            "instance_tenancy": "default",
            "ipv4_ipam_pool_id": null,
            "ipv4_netmask_length": null,
            "ipv6_association_id": "",
            "ipv6_cidr_block": "",
            "ipv6_cidr_block_network_border_group": "",
            "ipv6_ipam_pool_id": "",
            "ipv6_netmask_length": 0,
            "main_route_table_id": "rtb-07cf65872d57d54be",
            "owner_id": "600346421145",
            "tags": {
              "Name": "dbvpc"
            },
            "tags_all": {
              "Name": "dbvpc"
            }
          },
          "sensitive_attributes": [],
          "private": "eyJzY2hlbWFfdmVyc2lvbiI6IjEifQ=="
        }
      ]
    },
    {
      "mode": "managed",
      "type": "null_resource",
      "name": "copy",
      "provider": "provider[\"registry.terraform.io/hashicorp/null\"]",
      "instances": [
        {
          "schema_version": 0,
          "attributes": {
            "id": "5993812278341849283",
            "triggers": null
          },
          "sensitive_attributes": [],
          "dependencies": [
            "aws_eip.db-elastic-1",
            "aws_eip.db-elastic-2",
            "aws_internet_gateway.db-igw",
            "aws_key_pair.main_key_pair",
            "aws_nat_gateway.db-nat-1",
            "aws_nat_gateway.db-nat-2",
            "aws_route_table.db-pub-route",
            "aws_route_table.db-pvt-route-1",
            "aws_route_table.db-pvt-route-2",
            "aws_route_table.db-pvt-route-3",
            "aws_route_table.db-pvt-route-4",
            "aws_route_table_association.db-pub-1",
            "aws_route_table_association.db-pub-2",
            "aws_route_table_association.db-pvt-1",
            "aws_route_table_association.db-pvt-2",
            "aws_route_table_association.db-pvt-3",
            "aws_route_table_association.db-pvt-4",
            "aws_security_group.demosg",
            "aws_subnet.db-pub-sub-1",
            "aws_subnet.db-pub-sub-2",
            "aws_subnet.db-pvt-sub-1",
            "aws_subnet.db-pvt-sub-2",
            "aws_subnet.db-pvt-sub-3",
            "aws_subnet.db-pvt-sub-4",
            "aws_vpc.dbvpc",
            "tls_private_key.rsa"
          ]
        }
      ]
    },
    {
      "mode": "managed",
      "type": "null_resource",
      "name": "export-pem",
      "provider": "provider[\"registry.terraform.io/hashicorp/null\"]",
      "instances": [
        {
          "schema_version": 0,
          "attributes": {
            "id": "906523540957703904",
            "triggers": null
          },
          "sensitive_attributes": [],
          "dependencies": [
            "aws_eip.db-elastic-1",
            "aws_eip.db-elastic-2",
            "aws_instance.bastion-host",
            "aws_instance.mongo-1",
            "aws_instance.mongo-2",
            "aws_instance.mongo-3",
            "aws_internet_gateway.db-igw",
            "aws_key_pair.main_key_pair",
            "aws_nat_gateway.db-nat-1",
            "aws_nat_gateway.db-nat-2",
            "aws_route_table.db-pub-route",
            "aws_route_table.db-pvt-route-1",
            "aws_route_table.db-pvt-route-2",
            "aws_route_table.db-pvt-route-3",
            "aws_route_table.db-pvt-route-4",
            "aws_route_table_association.db-pub-1",
            "aws_route_table_association.db-pub-2",
            "aws_route_table_association.db-pvt-1",
            "aws_route_table_association.db-pvt-2",
            "aws_route_table_association.db-pvt-3",
            "aws_route_table_association.db-pvt-4",
            "aws_security_group.demosg",
            "aws_subnet.db-pub-sub-1",
            "aws_subnet.db-pub-sub-2",
            "aws_subnet.db-pvt-sub-1",
            "aws_subnet.db-pvt-sub-2",
            "aws_subnet.db-pvt-sub-3",
            "aws_subnet.db-pvt-sub-4",
            "aws_vpc.dbvpc",
            "null_resource.copy",
            "tls_private_key.rsa"
          ]
        }
      ]
    },
    {
      "mode": "managed",
      "type": "null_resource",
      "name": "install_mongodb-1",
      "provider": "provider[\"registry.terraform.io/hashicorp/null\"]",
      "instances": [
        {
          "schema_version": 0,
          "attributes": {
            "id": "8125288734992941358",
            "triggers": null
          },
          "sensitive_attributes": [],
          "dependencies": [
            "aws_eip.db-elastic-1",
            "aws_eip.db-elastic-2",
            "aws_instance.bastion-host",
            "aws_instance.mongo-1",
            "aws_instance.mongo-2",
            "aws_instance.mongo-3",
            "aws_internet_gateway.db-igw",
            "aws_key_pair.main_key_pair",
            "aws_nat_gateway.db-nat-1",
            "aws_nat_gateway.db-nat-2",
            "aws_route_table.db-pub-route",
            "aws_route_table.db-pvt-route-1",
            "aws_route_table.db-pvt-route-2",
            "aws_route_table.db-pvt-route-3",
            "aws_route_table.db-pvt-route-4",
            "aws_route_table_association.db-pub-1",
            "aws_route_table_association.db-pub-2",
            "aws_route_table_association.db-pvt-1",
            "aws_route_table_association.db-pvt-2",
            "aws_route_table_association.db-pvt-3",
            "aws_route_table_association.db-pvt-4",
            "aws_security_group.demosg",
            "aws_subnet.db-pub-sub-1",
            "aws_subnet.db-pub-sub-2",
            "aws_subnet.db-pvt-sub-1",
            "aws_subnet.db-pvt-sub-2",
            "aws_subnet.db-pvt-sub-3",
            "aws_subnet.db-pvt-sub-4",
            "aws_vpc.dbvpc",
            "null_resource.copy",
            "null_resource.export-pem",
            "tls_private_key.rsa"
          ]
        }
      ]
    },
    {
      "mode": "managed",
      "type": "null_resource",
      "name": "install_mongodb-2",
      "provider": "provider[\"registry.terraform.io/hashicorp/null\"]",
      "instances": [
        {
          "schema_version": 0,
          "attributes": {
            "id": "7196415710747913789",
            "triggers": null
          },
          "sensitive_attributes": [],
          "dependencies": [
            "aws_eip.db-elastic-1",
            "aws_eip.db-elastic-2",
            "aws_instance.bastion-host",
            "aws_instance.mongo-1",
            "aws_instance.mongo-2",
            "aws_instance.mongo-3",
            "aws_internet_gateway.db-igw",
            "aws_key_pair.main_key_pair",
            "aws_nat_gateway.db-nat-1",
            "aws_nat_gateway.db-nat-2",
            "aws_route_table.db-pub-route",
            "aws_route_table.db-pvt-route-1",
            "aws_route_table.db-pvt-route-2",
            "aws_route_table.db-pvt-route-3",
            "aws_route_table.db-pvt-route-4",
            "aws_route_table_association.db-pub-1",
            "aws_route_table_association.db-pub-2",
            "aws_route_table_association.db-pvt-1",
            "aws_route_table_association.db-pvt-2",
            "aws_route_table_association.db-pvt-3",
            "aws_route_table_association.db-pvt-4",
            "aws_security_group.demosg",
            "aws_subnet.db-pub-sub-1",
            "aws_subnet.db-pub-sub-2",
            "aws_subnet.db-pvt-sub-1",
            "aws_subnet.db-pvt-sub-2",
            "aws_subnet.db-pvt-sub-3",
            "aws_subnet.db-pvt-sub-4",
            "aws_vpc.dbvpc",
            "null_resource.copy",
            "null_resource.export-pem",
            "null_resource.install_mongodb-1",
            "tls_private_key.rsa"
          ]
        }
      ]
    },
    {
      "mode": "managed",
      "type": "null_resource",
      "name": "install_mongodb-3",
      "provider": "provider[\"registry.terraform.io/hashicorp/null\"]",
      "instances": [
        {
          "schema_version": 0,
          "attributes": {
            "id": "2611394967267397316",
            "triggers": null
          },
          "sensitive_attributes": [],
          "dependencies": [
            "aws_eip.db-elastic-1",
            "aws_eip.db-elastic-2",
            "aws_instance.bastion-host",
            "aws_instance.mongo-1",
            "aws_instance.mongo-2",
            "aws_instance.mongo-3",
            "aws_internet_gateway.db-igw",
            "aws_key_pair.main_key_pair",
            "aws_nat_gateway.db-nat-1",
            "aws_nat_gateway.db-nat-2",
            "aws_route_table.db-pub-route",
            "aws_route_table.db-pvt-route-1",
            "aws_route_table.db-pvt-route-2",
            "aws_route_table.db-pvt-route-3",
            "aws_route_table.db-pvt-route-4",
            "aws_route_table_association.db-pub-1",
            "aws_route_table_association.db-pub-2",
            "aws_route_table_association.db-pvt-1",
            "aws_route_table_association.db-pvt-2",
            "aws_route_table_association.db-pvt-3",
            "aws_route_table_association.db-pvt-4",
            "aws_security_group.demosg",
            "aws_subnet.db-pub-sub-1",
            "aws_subnet.db-pub-sub-2",
            "aws_subnet.db-pvt-sub-1",
            "aws_subnet.db-pvt-sub-2",
            "aws_subnet.db-pvt-sub-3",
            "aws_subnet.db-pvt-sub-4",
            "aws_vpc.dbvpc",
            "null_resource.copy",
            "null_resource.export-pem",
            "null_resource.install_mongodb-1",
            "null_resource.install_mongodb-2",
            "tls_private_key.rsa"
          ]
        }
      ]
    },
    {
      "mode": "managed",
      "type": "tls_private_key",
      "name": "rsa",
      "provider": "provider[\"registry.terraform.io/hashicorp/tls\"]",
      "instances": [
        {
          "schema_version": 1,
          "attributes": {
            "algorithm": "RSA",
            "ecdsa_curve": "P224",
            "id": "cd39c5dab5c7e8cb18c00664deb715f4d3655357",
            "private_key_openssh": "-----BEGIN OPENSSH PRIVATE KEY-----\nb3BlbnNzaC1rZXktdjEAAAAABG5vbmUAAAAEbm9uZQAAAAAAAAABAAACFwAAAAdz\nc2gtcnNhAAAAAwEAAQAAAgEA2DmG6z0WYrR51CQeqLNObVbL7xHEcUal9RSqs+6f\n/XoObtjmlgHtcKRke9aeBPIuaKj3sS1xI45Z5+X/lDcwofXD7LNYgt43SvauygNx\nVUhDrxbEjSYyXli87XIwESfstq1I/p69ZlIXIg97OIw+v2njDo8Pv7KFY9AoabkP\n+iK1QZW7m27PWL+MyF1kyG/GjfB9X1dcejzBvZoIUiLMzuBPq7VEMQeCAUny4xZA\nVwPWeM75SUAVwFbxZkZKsRsfJPIuude4sntDwI0PYHB9/EKMe2kO834GOo6GRx30\nUl4If6V6b7jNwo3DJbQKlT0UmWXf5JATsNITpl6kWz+XblqsNqlKG73wa8c5T31l\nej5lR9nWN446WyD+t1Ql/mTnvPkDDJu22orfF20Q47/rMOViev2lqi4oTvshhsar\nQJn3tfY2jdzU6+j1EKkjKrSjj9QHEOtFAaiMKn4WGwCytnCCwMrgoj5q011Kmxln\n4Fh0GIvUQ1MhlHwBy44k5UoEfaL/giKp/ExQfYh4Jn2rALGzVwzQEFmEGWEXWhtT\n9o5zj0yCLLeNHRrv/dsplWjaYTvGQGEgEKBIVab5FaftZQ6KCvmxYdiV3EUfZYle\nx1+wFR5mShQ5sNK0JU2MGF3/vSqKbRd4GFupgufJQUeS2wVTNNJdv+uEo+2RiPeP\nvBUAAAc42djB0dnYwdEAAAAHc3NoLXJzYQAAAgEA2DmG6z0WYrR51CQeqLNObVbL\n7xHEcUal9RSqs+6f/XoObtjmlgHtcKRke9aeBPIuaKj3sS1xI45Z5+X/lDcwofXD\n7LNYgt43SvauygNxVUhDrxbEjSYyXli87XIwESfstq1I/p69ZlIXIg97OIw+v2nj\nDo8Pv7KFY9AoabkP+iK1QZW7m27PWL+MyF1kyG/GjfB9X1dcejzBvZoIUiLMzuBP\nq7VEMQeCAUny4xZAVwPWeM75SUAVwFbxZkZKsRsfJPIuude4sntDwI0PYHB9/EKM\ne2kO834GOo6GRx30Ul4If6V6b7jNwo3DJbQKlT0UmWXf5JATsNITpl6kWz+Xblqs\nNqlKG73wa8c5T31lej5lR9nWN446WyD+t1Ql/mTnvPkDDJu22orfF20Q47/rMOVi\nev2lqi4oTvshhsarQJn3tfY2jdzU6+j1EKkjKrSjj9QHEOtFAaiMKn4WGwCytnCC\nwMrgoj5q011Kmxln4Fh0GIvUQ1MhlHwBy44k5UoEfaL/giKp/ExQfYh4Jn2rALGz\nVwzQEFmEGWEXWhtT9o5zj0yCLLeNHRrv/dsplWjaYTvGQGEgEKBIVab5FaftZQ6K\nCvmxYdiV3EUfZYlex1+wFR5mShQ5sNK0JU2MGF3/vSqKbRd4GFupgufJQUeS2wVT\nNNJdv+uEo+2RiPePvBUAAAADAQABAAACAQCi9TgpsjBc04e9yjsRCZHh9bhcxRc4\nB/arbpf4Y69QadzWzcF67Jj2e+7/JhCRybQQTMfgUE8kbPR1QXINUkrkxUST79aV\nSsSBSskQluejToM0QgSAHHl5gYdhrN1tEJnmU1LgEuLLarLkiKZlR81ClZr6LffA\nkdrWDttmUoMoEWBpvV9XFXxPdo2ztC9woE0UTFswr7aSqZeaPaxnurKAd62Ty1lJ\nWk8wiXr0iqCS8+F/yv01p4a9HslwOymvsLEYNy3gAiTA3wWA6M7d7+oDZGRb3iHW\ngPRQzXmFv52TNitRiHVuHel050Jb+ATB1PbhZVYH/E3axXjpugpEevi0YAZPDrfh\no6BtdEoL5WuXEBhXp7dISCdFoYC9nOUnnzF8FK6nNu08sUOQdwVv5pZ+rps84Ak3\n+3x2E2pLbC9zsnp+fic1HOctLIXvEsNMGU4rJUfP6no4zCB+ENoMUuNA2u45xyGs\nMtxJowiSLpkOetjwfZ/D72QQGUxMRxmXq/Sfqt5vJWr+4Ac3zUEjmFQxZie8+DUZ\nxkMlPuM8ETP9bD8Ks/sAae5rmtlFa91PLXVU+MfHEDDJrOv7Vnjsh4dXeNkIttyy\nBnce0XfOuoIWUhX3iuVSWXzwFvopYDvB/5V9dGatYY4sGt8g01L09MCBsGp7Sm8k\n5u+cN7STVr0dQQAAAQAsX3uGTiUYDyGdtpbT0vJGt9uvys30ITJwaJ+Y7X4eCjzH\nd+1jBxHPS2FFCnBXQnPV20v+Hzm3i5Fh9cNEKny5smOAe95aJmZ8Ig6fM4U0PsTp\nNuvxL3tiN9od5cwDekXKO9sukrF0h3i6q0Wgz8hfoaJ+LN4eJ56j5YBWqnwkJ5qC\ncFqz7aJ6sku4p4GwjXZpTpJOEHtBENh/bv1QW31oNoqeSltPhwOM6i2hqJtpGwzo\nZXkV6GRggWXhfy1QZ4nNHfyDFPJOrX9MPK9N+Gsc8kUzAQ5tzToIZDZnyLvV5g3n\ng44px8ec4A1/8uL2cTzzpK+2KGDuyOaMrDyllF+sAAABAQDw54sXy6sVkQgSogxI\nLv9vYcWylJEptAzYHqRJEBKZm9oQCQyo/iSgMWH9gzFJ0Ay/ZHGn8oKWTxjfbQKn\n8/GpEe+mSowwVcY7CE4m3DlZ5LCfReB/zcpEC1bqd3Zd5gco4GEWVCbGzoEzjZD1\nxHHrYiTUqzsLWYeImFstQ9rdhRc1+k7i7enmErEyZm7CY8E9GCcm9JWRRtCXocjY\njEiDW7sD979KZBY9Gp/E2yvW6/hd5jsedDC9lRWnVStgtULOhHbOfsk4YLXNMDTC\nGzManaI+/N/pGt0YeY2l0e1bdZfVhhk+OvlZNjTmN7l3O9jzwW9+w64jq8Cfbfxa\ndFX7AAABAQDlxhWwzgyrWOpbUi6k9iU/t2xCi59DhXzticAgjLvsAYYqBQzwYF+D\nWTIa75mFP69xEvU1KQmMdtmkyKx49/493U+YyVNWRTX/QvH7Vx6mp6D97HNqANxN\n5gd7nIBpf4q3whxsLQOx8sAhL3Qq4LsIG5iLCoGxJFpA9/bJq47qJ0UXXXeP37V2\nYX/vmzVm5lZKQ+4izIrPuAqpvJSOFCWf98hor/ijPFII2RkQZ3uCe7UBOCycMYEG\n/lcfdnRvQO3r2MoSn29k3cyczZqABjU2VH4lgKYhwNHMwG/g69SfZsAw6+/1ygdT\n/mXgdd9YpVeQI1UZVP5YCU0/9DkL0GkvAAAAAAEC\n-----END OPENSSH PRIVATE KEY-----\n",
            "private_key_pem": "-----BEGIN RSA PRIVATE KEY-----\nMIIJKQIBAAKCAgEA2DmG6z0WYrR51CQeqLNObVbL7xHEcUal9RSqs+6f/XoObtjm\nlgHtcKRke9aeBPIuaKj3sS1xI45Z5+X/lDcwofXD7LNYgt43SvauygNxVUhDrxbE\njSYyXli87XIwESfstq1I/p69ZlIXIg97OIw+v2njDo8Pv7KFY9AoabkP+iK1QZW7\nm27PWL+MyF1kyG/GjfB9X1dcejzBvZoIUiLMzuBPq7VEMQeCAUny4xZAVwPWeM75\nSUAVwFbxZkZKsRsfJPIuude4sntDwI0PYHB9/EKMe2kO834GOo6GRx30Ul4If6V6\nb7jNwo3DJbQKlT0UmWXf5JATsNITpl6kWz+XblqsNqlKG73wa8c5T31lej5lR9nW\nN446WyD+t1Ql/mTnvPkDDJu22orfF20Q47/rMOViev2lqi4oTvshhsarQJn3tfY2\njdzU6+j1EKkjKrSjj9QHEOtFAaiMKn4WGwCytnCCwMrgoj5q011Kmxln4Fh0GIvU\nQ1MhlHwBy44k5UoEfaL/giKp/ExQfYh4Jn2rALGzVwzQEFmEGWEXWhtT9o5zj0yC\nLLeNHRrv/dsplWjaYTvGQGEgEKBIVab5FaftZQ6KCvmxYdiV3EUfZYlex1+wFR5m\nShQ5sNK0JU2MGF3/vSqKbRd4GFupgufJQUeS2wVTNNJdv+uEo+2RiPePvBUCAwEA\nAQKCAgEAovU4KbIwXNOHvco7EQmR4fW4XMUXOAf2q26X+GOvUGnc1s3BeuyY9nvu\n/yYQkcm0EEzH4FBPJGz0dUFyDVJK5MVEk+/WlUrEgUrJEJbno06DNEIEgBx5eYGH\nYazdbRCZ5lNS4BLiy2qy5IimZUfNQpWa+i33wJHa1g7bZlKDKBFgab1fVxV8T3aN\ns7QvcKBNFExbMK+2kqmXmj2sZ7qygHetk8tZSVpPMIl69IqgkvPhf8r9NaeGvR7J\ncDspr7CxGDct4AIkwN8FgOjO3e/qA2RkW94h1oD0UM15hb+dkzYrUYh1bh3pdOdC\nW/gEwdT24WVWB/xN2sV46boKRHr4tGAGTw634aOgbXRKC+VrlxAYV6e3SEgnRaGA\nvZzlJ58xfBSupzbtPLFDkHcFb+aWfq6bPOAJN/t8dhNqS2wvc7J6fn4nNRznLSyF\n7xLDTBlOKyVHz+p6OMwgfhDaDFLjQNruOcchrDLcSaMIki6ZDnrY8H2fw+9kEBlM\nTEcZl6v0n6rebyVq/uAHN81BI5hUMWYnvPg1GcZDJT7jPBEz/Ww/CrP7AGnua5rZ\nRWvdTy11VPjHxxAwyazr+1Z47IeHV3jZCLbcsgZ3HtF3zrqCFlIV94rlUll88Bb6\nKWA7wf+VfXRmrWGOLBrfINNS9PTAgbBqe0pvJObvnDe0k1a9HUECggEBAPDnixfL\nqxWRCBKiDEgu/29hxbKUkSm0DNgepEkQEpmb2hAJDKj+JKAxYf2DMUnQDL9kcafy\ngpZPGN9tAqfz8akR76ZKjDBVxjsITibcOVnksJ9F4H/NykQLVup3dl3mByjgYRZU\nJsbOgTONkPXEcetiJNSrOwtZh4iYWy1D2t2FFzX6TuLt6eYSsTJmbsJjwT0YJyb0\nlZFG0JehyNiMSINbuwP3v0pkFj0an8TbK9br+F3mOx50ML2VFadVK2C1Qs6Eds5+\nyThgtc0wNMIbMxqdoj783+ka3Rh5jaXR7Vt1l9WGGT46+Vk2NOY3uXc72PPBb37D\nriOrwJ9t/Fp0VfsCggEBAOXGFbDODKtY6ltSLqT2JT+3bEKLn0OFfO2JwCCMu+wB\nhioFDPBgX4NZMhrvmYU/r3ES9TUpCYx22aTIrHj3/j3dT5jJU1ZFNf9C8ftXHqan\noP3sc2oA3E3mB3ucgGl/irfCHGwtA7HywCEvdCrguwgbmIsKgbEkWkD39smrjuon\nRRddd4/ftXZhf++bNWbmVkpD7iLMis+4Cqm8lI4UJZ/3yGiv+KM8UgjZGRBne4J7\ntQE4LJwxgQb+Vx92dG9A7evYyhKfb2TdzJzNmoAGNTZUfiWApiHA0czAb+Dr1J9m\nwDDr7/XKB1P+ZeB131ilV5AjVRlU/lgJTT/0OQvQaS8CggEAdcNqnk5Eqv1D6f/n\nax32ZldwUlUIBU/r+3Y3LzQ5M3gZiD80PiRGeTzKvyfz3zZiFOmgGc6WAa5W5Vmf\ns8SvfMu00CCfGT3E8rSjp6F+M7B0mteI4FEUMGEust2FMm+xTk0piMXIUuU+CZqJ\no2rNmZhXktLFwU2Z0K9R2vXRtvpJl2xuRcax0XOPxaiHOmWTYC8/bG6h8uugKo++\n5ATnqbcc29qvW0lECcjLE2tkqeKefiB/A+serH6FoFAlLVhOeTAN9/HIodO867pG\nACFVwQwP9SSevJASRtWc5dOSaWQ5vfqYunAP1omGIIhbFKtf6gDEZT55ERzzw7v7\nYah/IwKCAQEAwKGLh7mG15PojfzdDAEsAznkMfnZ4IKl1ILapq810MsKTmoDifZR\nvM1nezuJ6jMVA2gQWKv5zF/LYSG3robCB91lIMMP8dB+T20xbzR/htob1yWHMMRd\n7ZS+izwOT+PUSPAcYfhvE51ew7OD4XqcclSoU1DQn9DJNZRsum/wlY+slcUPOngj\nKobc+eSWJZlPmF1Q5K20ZiZ2Egz+QgrT7EOQKWv1t+wXHkHbiGwpGKBbhBUzGRNL\nh7BtG/xz6t11WXdbGbe+bMKiCoc4UsJhlBXL1+b94GhFuzFN2jP8AlLjJ2B1wQrJ\nj/pEMKTBRREA0t88NcuSm/3YXJiDxsrHkwKCAQAsX3uGTiUYDyGdtpbT0vJGt9uv\nys30ITJwaJ+Y7X4eCjzHd+1jBxHPS2FFCnBXQnPV20v+Hzm3i5Fh9cNEKny5smOA\ne95aJmZ8Ig6fM4U0PsTpNuvxL3tiN9od5cwDekXKO9sukrF0h3i6q0Wgz8hfoaJ+\nLN4eJ56j5YBWqnwkJ5qCcFqz7aJ6sku4p4GwjXZpTpJOEHtBENh/bv1QW31oNoqe\nSltPhwOM6i2hqJtpGwzoZXkV6GRggWXhfy1QZ4nNHfyDFPJOrX9MPK9N+Gsc8kUz\nAQ5tzToIZDZnyLvV5g3ng44px8ec4A1/8uL2cTzzpK+2KGDuyOaMrDyllF+s\n-----END RSA PRIVATE KEY-----\n",
            "private_key_pem_pkcs8": "-----BEGIN PRIVATE KEY-----\nMIIJQwIBADANBgkqhkiG9w0BAQEFAASCCS0wggkpAgEAAoICAQDYOYbrPRZitHnU\nJB6os05tVsvvEcRxRqX1FKqz7p/9eg5u2OaWAe1wpGR71p4E8i5oqPexLXEjjlnn\n5f+UNzCh9cPss1iC3jdK9q7KA3FVSEOvFsSNJjJeWLztcjARJ+y2rUj+nr1mUhci\nD3s4jD6/aeMOjw+/soVj0ChpuQ/6IrVBlbubbs9Yv4zIXWTIb8aN8H1fV1x6PMG9\nmghSIszO4E+rtUQxB4IBSfLjFkBXA9Z4zvlJQBXAVvFmRkqxGx8k8i6517iye0PA\njQ9gcH38Qox7aQ7zfgY6joZHHfRSXgh/pXpvuM3CjcMltAqVPRSZZd/kkBOw0hOm\nXqRbP5duWqw2qUobvfBrxzlPfWV6PmVH2dY3jjpbIP63VCX+ZOe8+QMMm7bait8X\nbRDjv+sw5WJ6/aWqLihO+yGGxqtAmfe19jaN3NTr6PUQqSMqtKOP1AcQ60UBqIwq\nfhYbALK2cILAyuCiPmrTXUqbGWfgWHQYi9RDUyGUfAHLjiTlSgR9ov+CIqn8TFB9\niHgmfasAsbNXDNAQWYQZYRdaG1P2jnOPTIIst40dGu/92ymVaNphO8ZAYSAQoEhV\npvkVp+1lDooK+bFh2JXcRR9liV7HX7AVHmZKFDmw0rQlTYwYXf+9KoptF3gYW6mC\n58lBR5LbBVM00l2/64Sj7ZGI94+8FQIDAQABAoICAQCi9TgpsjBc04e9yjsRCZHh\n9bhcxRc4B/arbpf4Y69QadzWzcF67Jj2e+7/JhCRybQQTMfgUE8kbPR1QXINUkrk\nxUST79aVSsSBSskQluejToM0QgSAHHl5gYdhrN1tEJnmU1LgEuLLarLkiKZlR81C\nlZr6LffAkdrWDttmUoMoEWBpvV9XFXxPdo2ztC9woE0UTFswr7aSqZeaPaxnurKA\nd62Ty1lJWk8wiXr0iqCS8+F/yv01p4a9HslwOymvsLEYNy3gAiTA3wWA6M7d7+oD\nZGRb3iHWgPRQzXmFv52TNitRiHVuHel050Jb+ATB1PbhZVYH/E3axXjpugpEevi0\nYAZPDrfho6BtdEoL5WuXEBhXp7dISCdFoYC9nOUnnzF8FK6nNu08sUOQdwVv5pZ+\nrps84Ak3+3x2E2pLbC9zsnp+fic1HOctLIXvEsNMGU4rJUfP6no4zCB+ENoMUuNA\n2u45xyGsMtxJowiSLpkOetjwfZ/D72QQGUxMRxmXq/Sfqt5vJWr+4Ac3zUEjmFQx\nZie8+DUZxkMlPuM8ETP9bD8Ks/sAae5rmtlFa91PLXVU+MfHEDDJrOv7Vnjsh4dX\neNkIttyyBnce0XfOuoIWUhX3iuVSWXzwFvopYDvB/5V9dGatYY4sGt8g01L09MCB\nsGp7Sm8k5u+cN7STVr0dQQKCAQEA8OeLF8urFZEIEqIMSC7/b2HFspSRKbQM2B6k\nSRASmZvaEAkMqP4koDFh/YMxSdAMv2Rxp/KClk8Y320Cp/PxqRHvpkqMMFXGOwhO\nJtw5WeSwn0Xgf83KRAtW6nd2XeYHKOBhFlQmxs6BM42Q9cRx62Ik1Ks7C1mHiJhb\nLUPa3YUXNfpO4u3p5hKxMmZuwmPBPRgnJvSVkUbQl6HI2IxIg1u7A/e/SmQWPRqf\nxNsr1uv4XeY7HnQwvZUVp1UrYLVCzoR2zn7JOGC1zTA0whszGp2iPvzf6RrdGHmN\npdHtW3WX1YYZPjr5WTY05je5dzvY88FvfsOuI6vAn238WnRV+wKCAQEA5cYVsM4M\nq1jqW1IupPYlP7dsQoufQ4V87YnAIIy77AGGKgUM8GBfg1kyGu+ZhT+vcRL1NSkJ\njHbZpMisePf+Pd1PmMlTVkU1/0Lx+1cepqeg/exzagDcTeYHe5yAaX+Kt8IcbC0D\nsfLAIS90KuC7CBuYiwqBsSRaQPf2yauO6idFF113j9+1dmF/75s1ZuZWSkPuIsyK\nz7gKqbyUjhQln/fIaK/4ozxSCNkZEGd7gnu1ATgsnDGBBv5XH3Z0b0Dt69jKEp9v\nZN3MnM2agAY1NlR+JYCmIcDRzMBv4OvUn2bAMOvv9coHU/5l4HXfWKVXkCNVGVT+\nWAlNP/Q5C9BpLwKCAQB1w2qeTkSq/UPp/+drHfZmV3BSVQgFT+v7djcvNDkzeBmI\nPzQ+JEZ5PMq/J/PfNmIU6aAZzpYBrlblWZ+zxK98y7TQIJ8ZPcTytKOnoX4zsHSa\n14jgURQwYS6y3YUyb7FOTSmIxchS5T4Jmomjas2ZmFeS0sXBTZnQr1Ha9dG2+kmX\nbG5FxrHRc4/FqIc6ZZNgLz9sbqHy66Aqj77kBOeptxzb2q9bSUQJyMsTa2Sp4p5+\nIH8D6x6sfoWgUCUtWE55MA338cih07zrukYAIVXBDA/1JJ68kBJG1Zzl05JpZDm9\n+pi6cA/WiYYgiFsUq1/qAMRlPnkRHPPDu/thqH8jAoIBAQDAoYuHuYbXk+iN/N0M\nASwDOeQx+dnggqXUgtqmrzXQywpOagOJ9lG8zWd7O4nqMxUDaBBYq/nMX8thIbeu\nhsIH3WUgww/x0H5PbTFvNH+G2hvXJYcwxF3tlL6LPA5P49RI8Bxh+G8TnV7Ds4Ph\nepxyVKhTUNCf0Mk1lGy6b/CVj6yVxQ86eCMqhtz55JYlmU+YXVDkrbRmJnYSDP5C\nCtPsQ5Apa/W37BceQduIbCkYoFuEFTMZE0uHsG0b/HPq3XVZd1sZt75swqIKhzhS\nwmGUFcvX5v3gaEW7MU3aM/wCUuMnYHXBCsmP+kQwpMFFEQDS3zw1y5Kb/dhcmIPG\nyseTAoIBACxfe4ZOJRgPIZ22ltPS8ka326/KzfQhMnBon5jtfh4KPMd37WMHEc9L\nYUUKcFdCc9XbS/4fObeLkWH1w0QqfLmyY4B73lomZnwiDp8zhTQ+xOk26/Eve2I3\n2h3lzAN6Rco72y6SsXSHeLqrRaDPyF+hon4s3h4nnqPlgFaqfCQnmoJwWrPtonqy\nS7ingbCNdmlOkk4Qe0EQ2H9u/VBbfWg2ip5KW0+HA4zqLaGom2kbDOhleRXoZGCB\nZeF/LVBnic0d/IMU8k6tf0w8r034axzyRTMBDm3NOghkNmfIu9XmDeeDjinHx5zg\nDX/y4vZxPPOkr7YoYO7I5oysPKWUX6w=\n-----END PRIVATE KEY-----\n",
            "public_key_fingerprint_md5": "86:16:a0:42:00:68:ef:bc:50:9f:c8:9a:d8:1f:a7:c5",
            "public_key_fingerprint_sha256": "SHA256:EbYf97HOGD8vu4SGmiY2LqxstjAoqhHDtxJ52R8ObAM",
            "public_key_openssh": "ssh-rsa AAAAB3NzaC1yc2EAAAADAQABAAACAQDYOYbrPRZitHnUJB6os05tVsvvEcRxRqX1FKqz7p/9eg5u2OaWAe1wpGR71p4E8i5oqPexLXEjjlnn5f+UNzCh9cPss1iC3jdK9q7KA3FVSEOvFsSNJjJeWLztcjARJ+y2rUj+nr1mUhciD3s4jD6/aeMOjw+/soVj0ChpuQ/6IrVBlbubbs9Yv4zIXWTIb8aN8H1fV1x6PMG9mghSIszO4E+rtUQxB4IBSfLjFkBXA9Z4zvlJQBXAVvFmRkqxGx8k8i6517iye0PAjQ9gcH38Qox7aQ7zfgY6joZHHfRSXgh/pXpvuM3CjcMltAqVPRSZZd/kkBOw0hOmXqRbP5duWqw2qUobvfBrxzlPfWV6PmVH2dY3jjpbIP63VCX+ZOe8+QMMm7bait8XbRDjv+sw5WJ6/aWqLihO+yGGxqtAmfe19jaN3NTr6PUQqSMqtKOP1AcQ60UBqIwqfhYbALK2cILAyuCiPmrTXUqbGWfgWHQYi9RDUyGUfAHLjiTlSgR9ov+CIqn8TFB9iHgmfasAsbNXDNAQWYQZYRdaG1P2jnOPTIIst40dGu/92ymVaNphO8ZAYSAQoEhVpvkVp+1lDooK+bFh2JXcRR9liV7HX7AVHmZKFDmw0rQlTYwYXf+9KoptF3gYW6mC58lBR5LbBVM00l2/64Sj7ZGI94+8FQ==\n",
            "public_key_pem": "-----BEGIN PUBLIC KEY-----\nMIICIjANBgkqhkiG9w0BAQEFAAOCAg8AMIICCgKCAgEA2DmG6z0WYrR51CQeqLNO\nbVbL7xHEcUal9RSqs+6f/XoObtjmlgHtcKRke9aeBPIuaKj3sS1xI45Z5+X/lDcw\nofXD7LNYgt43SvauygNxVUhDrxbEjSYyXli87XIwESfstq1I/p69ZlIXIg97OIw+\nv2njDo8Pv7KFY9AoabkP+iK1QZW7m27PWL+MyF1kyG/GjfB9X1dcejzBvZoIUiLM\nzuBPq7VEMQeCAUny4xZAVwPWeM75SUAVwFbxZkZKsRsfJPIuude4sntDwI0PYHB9\n/EKMe2kO834GOo6GRx30Ul4If6V6b7jNwo3DJbQKlT0UmWXf5JATsNITpl6kWz+X\nblqsNqlKG73wa8c5T31lej5lR9nWN446WyD+t1Ql/mTnvPkDDJu22orfF20Q47/r\nMOViev2lqi4oTvshhsarQJn3tfY2jdzU6+j1EKkjKrSjj9QHEOtFAaiMKn4WGwCy\ntnCCwMrgoj5q011Kmxln4Fh0GIvUQ1MhlHwBy44k5UoEfaL/giKp/ExQfYh4Jn2r\nALGzVwzQEFmEGWEXWhtT9o5zj0yCLLeNHRrv/dsplWjaYTvGQGEgEKBIVab5Faft\nZQ6KCvmxYdiV3EUfZYlex1+wFR5mShQ5sNK0JU2MGF3/vSqKbRd4GFupgufJQUeS\n2wVTNNJdv+uEo+2RiPePvBUCAwEAAQ==\n-----END PUBLIC KEY-----\n",
            "rsa_bits": 4096
          },
          "sensitive_attributes": []
        }
      ]
    }
  ],
  "check_results": null
}
